{
  "ch.qos.logback:logback-classic:1.5.21": {
    "logback-classic-1.5.21.jar": {
      "url": "https://repo.maven.apache.org/maven2/ch/qos/logback/logback-classic/1.5.21/logback-classic-1.5.21.jar",
      "hash": "sha256-slI/ew2r9DhsgTEvA3HSZ+Op+85AkEbxawQr9oVxuko="
    },
    "logback-classic-1.5.21.pom": {
      "url": "https://repo.maven.apache.org/maven2/ch/qos/logback/logback-classic/1.5.21/logback-classic-1.5.21.pom",
      "hash": "sha256-2L+25QxBRYd4sAl7bgatXgc5HpbkMjuJSjBaZoHVZbE="
    }
  },
  "ch.qos.logback:logback-core:1.5.21": {
    "logback-core-1.5.21.jar": {
      "url": "https://repo.maven.apache.org/maven2/ch/qos/logback/logback-core/1.5.21/logback-core-1.5.21.jar",
      "hash": "sha256-CCWsH8UpY2kSHlQj45fFLRJbDj+udDz8DY5BYVnxT0Q="
    },
    "logback-core-1.5.21.pom": {
      "url": "https://repo.maven.apache.org/maven2/ch/qos/logback/logback-core/1.5.21/logback-core-1.5.21.pom",
      "hash": "sha256-kuYdhik+WPSObO9Xu55qx3sqd57ayaQ/GC8YYUJ0IUM="
    }
  },
  "ch.qos.logback:logback-parent:1.5.21": {
    "logback-parent-1.5.21.pom": {
      "url": "https://repo.maven.apache.org/maven2/ch/qos/logback/logback-parent/1.5.21/logback-parent-1.5.21.pom",
      "hash": "sha256-3PccPlQ27GTfEIU6bOjEMNARdxCmyPyb6eK7tvLx5KM="
    }
  },
  "com.fasterxml:oss-parent:70": {
    "oss-parent-70.pom": {
      "url": "https://repo.maven.apache.org/maven2/com/fasterxml/oss-parent/70/oss-parent-70.pom",
      "hash": "sha256-JsqO1vgsnS7XzTIpgQW7ZcD52JnbYXV6CXQVhvqTpjk="
    }
  },
  "com.fasterxml:oss-parent:68": {
    "oss-parent-68.pom": {
      "url": "https://repo.maven.apache.org/maven2/com/fasterxml/oss-parent/68/oss-parent-68.pom",
      "hash": "sha256-Jer9ltriQra1pxCPVbLBQBW4KNqlq+I0KJ/W53Shzlc="
    }
  },
  "com.fasterxml:oss-parent:55": {
    "oss-parent-55.pom": {
      "url": "https://repo.maven.apache.org/maven2/com/fasterxml/oss-parent/55/oss-parent-55.pom",
      "hash": "sha256-D14Y8rNev22Dn3/VSZcog/aWwhD5rjIwr9LCC6iGwE0="
    }
  },
  "com.fasterxml.jackson:jackson-base:2.20.1": {
    "jackson-base-2.20.1.pom": {
      "url": "https://repo.maven.apache.org/maven2/com/fasterxml/jackson/jackson-base/2.20.1/jackson-base-2.20.1.pom",
      "hash": "sha256-C3SKsMx/KH21tgGMYUz+Z+fh9NgJQc4vQdMXzMO1tcU="
    }
  },
  "com.fasterxml.jackson:jackson-bom:2.20.1": {
    "jackson-bom-2.20.1.pom": {
      "url": "https://repo.maven.apache.org/maven2/com/fasterxml/jackson/jackson-bom/2.20.1/jackson-bom-2.20.1.pom",
      "hash": "sha256-DGRn7UyMc5JSTOcDymzj7YhZbuw5DxOwwmTy+WEwilQ="
    }
  },
  "com.fasterxml.jackson:jackson-parent:2.20": {
    "jackson-parent-2.20.pom": {
      "url": "https://repo.maven.apache.org/maven2/com/fasterxml/jackson/jackson-parent/2.20/jackson-parent-2.20.pom",
      "hash": "sha256-tDt/XGLoaxZPrnCuF9aRHF22B5mvAQVzYK/aguSEW+U="
    }
  },
  "com.fasterxml.jackson.core:jackson-annotations:2.20": {
    "jackson-annotations-2.20.jar": {
      "url": "https://repo.maven.apache.org/maven2/com/fasterxml/jackson/core/jackson-annotations/2.20/jackson-annotations-2.20.jar",
      "hash": "sha256-lZov+y1ZFDb1Hxg8alIfyJNHkS9xG/DK4AjN8EXZUxk="
    },
    "jackson-annotations-2.20.module": {
      "url": "https://repo.maven.apache.org/maven2/com/fasterxml/jackson/core/jackson-annotations/2.20/jackson-annotations-2.20.module",
      "hash": "sha256-wHDxTsg1jQlcAurootZcsAzLoOXFqnOwASlDM/5GiXE="
    },
    "jackson-annotations-2.20.pom": {
      "url": "https://repo.maven.apache.org/maven2/com/fasterxml/jackson/core/jackson-annotations/2.20/jackson-annotations-2.20.pom",
      "hash": "sha256-TXQMRHjdCNCJ7NxtBjIopVoRp+jkl9pDOPhy+BFXlKQ="
    }
  },
  "com.fasterxml.jackson.core:jackson-core:2.20.1": {
    "jackson-core-2.20.1.jar": {
      "url": "https://repo.maven.apache.org/maven2/com/fasterxml/jackson/core/jackson-core/2.20.1/jackson-core-2.20.1.jar",
      "hash": "sha256-/6tNlX2qJ5bPJMtm0LeKcJDxvL4Xw6RXjwmv+q8TcIk="
    },
    "jackson-core-2.20.1.module": {
      "url": "https://repo.maven.apache.org/maven2/com/fasterxml/jackson/core/jackson-core/2.20.1/jackson-core-2.20.1.module",
      "hash": "sha256-GalAQ0Ic2ahuFUkSnDjBjgs1exQUWuT3Ns2gL4Bch8k="
    },
    "jackson-core-2.20.1.pom": {
      "url": "https://repo.maven.apache.org/maven2/com/fasterxml/jackson/core/jackson-core/2.20.1/jackson-core-2.20.1.pom",
      "hash": "sha256-FuBJqySPgqpssEjwTVLvPuH1TIDaHSY68k++UM9ueX4="
    }
  },
  "com.fasterxml.jackson.core:jackson-databind:2.20.1": {
    "jackson-databind-2.20.1.jar": {
      "url": "https://repo.maven.apache.org/maven2/com/fasterxml/jackson/core/jackson-databind/2.20.1/jackson-databind-2.20.1.jar",
      "hash": "sha256-NLvrRSb/9PhWWxIQa/haavy66FiWbUibVCFKxGsuJug="
    },
    "jackson-databind-2.20.1.module": {
      "url": "https://repo.maven.apache.org/maven2/com/fasterxml/jackson/core/jackson-databind/2.20.1/jackson-databind-2.20.1.module",
      "hash": "sha256-S1M7Mu5wZfVaSnsNbuTYn9WDdxSr83YUyJkRT7EhWHo="
    },
    "jackson-databind-2.20.1.pom": {
      "url": "https://repo.maven.apache.org/maven2/com/fasterxml/jackson/core/jackson-databind/2.20.1/jackson-databind-2.20.1.pom",
      "hash": "sha256-vP3yeCUyMraDq1HeLcvI+Y8g9Hc4wRHs/SyFxBsTHOw="
    }
  },
  "com.fasterxml.jackson.dataformat:jackson-dataformat-xml:2.20.1": {
    "jackson-dataformat-xml-2.20.1.jar": {
      "url": "https://repo.maven.apache.org/maven2/com/fasterxml/jackson/dataformat/jackson-dataformat-xml/2.20.1/jackson-dataformat-xml-2.20.1.jar",
      "hash": "sha256-GQrU66NdidujUX2ieeBpBoHEdFF0uUsJ6nj4HOrhQPA="
    },
    "jackson-dataformat-xml-2.20.1.module": {
      "url": "https://repo.maven.apache.org/maven2/com/fasterxml/jackson/dataformat/jackson-dataformat-xml/2.20.1/jackson-dataformat-xml-2.20.1.module",
      "hash": "sha256-hUEEQQ13F89ArnJvmWoK2aACxiaV23QHvjm+NlNJmW8="
    },
    "jackson-dataformat-xml-2.20.1.pom": {
      "url": "https://repo.maven.apache.org/maven2/com/fasterxml/jackson/dataformat/jackson-dataformat-xml/2.20.1/jackson-dataformat-xml-2.20.1.pom",
      "hash": "sha256-QTj0W/qeyxDsefm/3JLfYos5yLpScTk2tq9eBioP9ck="
    }
  },
  "com.fasterxml.woodstox:woodstox-core:7.1.1": {
    "woodstox-core-7.1.1.jar": {
      "url": "https://repo.maven.apache.org/maven2/com/fasterxml/woodstox/woodstox-core/7.1.1/woodstox-core-7.1.1.jar",
      "hash": "sha256-ArnQIunUdwT/inqFmg2/07KIKoMR63/x4YD3YMzaJxI="
    },
    "woodstox-core-7.1.1.pom": {
      "url": "https://repo.maven.apache.org/maven2/com/fasterxml/woodstox/woodstox-core/7.1.1/woodstox-core-7.1.1.pom",
      "hash": "sha256-r7XLRdQcH542dZCd5P7yQr3BzqRHagY0riD016VEM/8="
    }
  },
  "com.fazecast:jSerialComm:2.11.4": {
    "jSerialComm-2.11.4.jar": {
      "url": "https://repo.maven.apache.org/maven2/com/fazecast/jSerialComm/2.11.4/jSerialComm-2.11.4.jar",
      "hash": "sha256-tffsQNYihkuS3GeRWc26owMNN4hPCvLe70W1bBa9p6Y="
    },
    "jSerialComm-2.11.4.pom": {
      "url": "https://repo.maven.apache.org/maven2/com/fazecast/jSerialComm/2.11.4/jSerialComm-2.11.4.pom",
      "hash": "sha256-embDslkCW75eNtkDTpgb53UMZOTUKPdmS523ZBHP5J8="
    }
  },
  "com.github.DSheirer.jmbe:jmbe-api:1.0.0": {
    "jmbe-api-1.0.0.jar": {
      "url": "https://jitpack.io/com/github/DSheirer/jmbe/jmbe-api/1.0.0/jmbe-api-1.0.0.jar",
      "hash": "sha256-fy+L3/jg4ncOLDUoKFq8U8DWqxXKyDGOR9vGSFRdITU="
    },
    "jmbe-api-1.0.0.pom": {
      "url": "https://jitpack.io/com/github/DSheirer/jmbe/jmbe-api/1.0.0/jmbe-api-1.0.0.pom",
      "hash": "sha256-IjhXzqbeIS89klwG3PkxYJYBCpIOECNffh5IsBY605Q="
    }
  },
  "com.github.dnault:libresample4j:master": {
    "libresample4j-master.jar": {
      "url": "https://jitpack.io/com/github/dnault/libresample4j/master/libresample4j-master.jar",
      "hash": "sha256-eMGzZjOHykAjpxPyg6RUbu9DmLcR6hJHQFt87sCHTlU="
    },
    "libresample4j-master.pom": {
      "url": "https://jitpack.io/com/github/dnault/libresample4j/master/libresample4j-master.pom",
      "hash": "sha256-r5rrIhngzEKIpJR3g7/0Xpzn6RgNmbKjdDW19UbbGns="
    }
  },
  "com.github.jiconfont:jiconfont:1.0.0": {
    "jiconfont-1.0.0.jar": {
      "url": "https://repo.maven.apache.org/maven2/com/github/jiconfont/jiconfont/1.0.0/jiconfont-1.0.0.jar",
      "hash": "sha256-AHUe/DIPkvNMh+/CSlaEmetgqgIVaTVzGe3UN8tZ1O8="
    },
    "jiconfont-1.0.0.pom": {
      "url": "https://repo.maven.apache.org/maven2/com/github/jiconfont/jiconfont/1.0.0/jiconfont-1.0.0.pom",
      "hash": "sha256-zxNYsro9MqZJpF8VLtOzaUOAIiI57bisGsdWF7Rgowg="
    }
  },
  "com.github.jiconfont:jiconfont-font_awesome:4.7.0.1": {
    "jiconfont-font_awesome-4.7.0.1.jar": {
      "url": "https://repo.maven.apache.org/maven2/com/github/jiconfont/jiconfont-font_awesome/4.7.0.1/jiconfont-font_awesome-4.7.0.1.jar",
      "hash": "sha256-JMRSY/5+EMoSlkQ7lSKqPD+Ncx89jLT4ENszYv7BJBs="
    },
    "jiconfont-font_awesome-4.7.0.1.pom": {
      "url": "https://repo.maven.apache.org/maven2/com/github/jiconfont/jiconfont-font_awesome/4.7.0.1/jiconfont-font_awesome-4.7.0.1.pom",
      "hash": "sha256-WurTEGzxV7zzQaa4gEVUj1JAYvDLIntnFDZ8M8+MTBE="
    }
  },
  "com.github.jiconfont:jiconfont-javafx:1.0.0": {
    "jiconfont-javafx-1.0.0.jar": {
      "url": "https://repo.maven.apache.org/maven2/com/github/jiconfont/jiconfont-javafx/1.0.0/jiconfont-javafx-1.0.0.jar",
      "hash": "sha256-MZptRRQr31tBUVyreyy/TQU97ZA6lCC/8Hvqu+MzCvg="
    },
    "jiconfont-javafx-1.0.0.pom": {
      "url": "https://repo.maven.apache.org/maven2/com/github/jiconfont/jiconfont-javafx/1.0.0/jiconfont-javafx-1.0.0.pom",
      "hash": "sha256-S849oT02aY6AeFoDxK5atoxASszcSlJMICGUBjPzuZQ="
    }
  },
  "com.github.jiconfont:jiconfont-swing:1.0.1": {
    "jiconfont-swing-1.0.1.jar": {
      "url": "https://repo.maven.apache.org/maven2/com/github/jiconfont/jiconfont-swing/1.0.1/jiconfont-swing-1.0.1.jar",
      "hash": "sha256-VEYI+X7RecETz2R1adE870sce4hetv3tVbiX3NnMXCk="
    },
    "jiconfont-swing-1.0.1.pom": {
      "url": "https://repo.maven.apache.org/maven2/com/github/jiconfont/jiconfont-swing/1.0.1/jiconfont-swing-1.0.1.pom",
      "hash": "sha256-vEOC6U5TgIZqWxQKsJCj7wi40Vf2GQ9yjONiOhkXBsg="
    }
  },
  "com.github.nwaldispuehl:java-lame:v3.98.4": {
    "java-lame-v3.98.4.jar": {
      "url": "https://jitpack.io/com/github/nwaldispuehl/java-lame/v3.98.4/java-lame-v3.98.4.jar",
      "hash": "sha256-ILKNmCtX/PRK7ZwSPBTeEN84YLo9yw/jraiaG3z0OO8="
    },
    "java-lame-v3.98.4.pom": {
      "url": "https://jitpack.io/com/github/nwaldispuehl/java-lame/v3.98.4/java-lame-v3.98.4.pom",
      "hash": "sha256-san/vQNeXtqOP3Fy4mgngFKBmG6eCgozuSDc4xEZm20="
    }
  },
  "com.github.wendykierp:JTransforms:3.1": {
    "JTransforms-3.1.jar": {
      "url": "https://repo.maven.apache.org/maven2/com/github/wendykierp/JTransforms/3.1/JTransforms-3.1.jar",
      "hash": "sha256-2d/6Pid5MEDcy5ewVNlSZ99G5mnDlr8cpPOwhQabwtU="
    },
    "JTransforms-3.1.pom": {
      "url": "https://repo.maven.apache.org/maven2/com/github/wendykierp/JTransforms/3.1/JTransforms-3.1.pom",
      "hash": "sha256-lrWRq517j7FFnPq0Mo/XSwI/G+7ecE1Wuk7PlF70Wrc="
    }
  },
  "com.google.code.gson:gson:2.13.2": {
    "gson-2.13.2.jar": {
      "url": "https://repo.maven.apache.org/maven2/com/google/code/gson/gson/2.13.2/gson-2.13.2.jar",
      "hash": "sha256-3QzhtVo+0ggMtw+cZVhQzahsIGhiMQAJ3LXlyVJlpeA="
    },
    "gson-2.13.2.pom": {
      "url": "https://repo.maven.apache.org/maven2/com/google/code/gson/gson/2.13.2/gson-2.13.2.pom",
      "hash": "sha256-OqBqp8D5rwkpYaQtCVeOQyS+FGNIoO5u1HhX98Jne3Y="
    }
  },
  "com.google.code.gson:gson-parent:2.13.2": {
    "gson-parent-2.13.2.pom": {
      "url": "https://repo.maven.apache.org/maven2/com/google/code/gson/gson-parent/2.13.2/gson-parent-2.13.2.pom",
      "hash": "sha256-g6tSip1Q/XauuK1vcns+6ct2ZYYlV3TtFsqMTHbZ2s0="
    }
  },
  "com.google.errorprone:error_prone_annotations:2.41.0": {
    "error_prone_annotations-2.41.0.jar": {
      "url": "https://repo.maven.apache.org/maven2/com/google/errorprone/error_prone_annotations/2.41.0/error_prone_annotations-2.41.0.jar",
      "hash": "sha256-pW54K1tQgRrCBAc6NVoh2RWiEH/OE+xxEzGtA29mD8w="
    },
    "error_prone_annotations-2.41.0.pom": {
      "url": "https://repo.maven.apache.org/maven2/com/google/errorprone/error_prone_annotations/2.41.0/error_prone_annotations-2.41.0.pom",
      "hash": "sha256-oVHfHi4LSGGNiwahgHSKKbOrs5sbI5b2och5pydIjG4="
    }
  },
  "com.google.errorprone:error_prone_parent:2.41.0": {
    "error_prone_parent-2.41.0.pom": {
      "url": "https://repo.maven.apache.org/maven2/com/google/errorprone/error_prone_parent/2.41.0/error_prone_parent-2.41.0.pom",
      "hash": "sha256-xTg4jXYKXByY3PBvbtPP5fEaZRgn21y9LtgojHlcrUI="
    }
  },
  "com.google.guava:failureaccess:1.0.3": {
    "failureaccess-1.0.3.jar": {
      "url": "https://repo.maven.apache.org/maven2/com/google/guava/failureaccess/1.0.3/failureaccess-1.0.3.jar",
      "hash": "sha256-y/w5BrGbj1XdfP1t/gqkUy6DQlDX8IC9jSEaPiRrWcs="
    },
    "failureaccess-1.0.3.pom": {
      "url": "https://repo.maven.apache.org/maven2/com/google/guava/failureaccess/1.0.3/failureaccess-1.0.3.pom",
      "hash": "sha256-xUvv839tQtQ+FHItVKUiya1R75f8W3knfmKj6/iC87s="
    }
  },
  "com.google.guava:guava:33.5.0-jre": {
    "guava-33.5.0-jre.jar": {
      "url": "https://repo.maven.apache.org/maven2/com/google/guava/guava/33.5.0-jre/guava-33.5.0-jre.jar",
      "hash": "sha256-HjAfDFKsJIsLFP3D0SKDx3JS1Nb0hSHVcufYxMLMSsc="
    },
    "guava-33.5.0-jre.module": {
      "url": "https://repo.maven.apache.org/maven2/com/google/guava/guava/33.5.0-jre/guava-33.5.0-jre.module",
      "hash": "sha256-d+1CyMiyzru5OsngdUP/ZBiqJL24UXWAz1Mk6aZRCVY="
    },
    "guava-33.5.0-jre.pom": {
      "url": "https://repo.maven.apache.org/maven2/com/google/guava/guava/33.5.0-jre/guava-33.5.0-jre.pom",
      "hash": "sha256-BHj6eKkIs8Mf5td76ZeKqmIeKhgduEAH49OzdCSirGE="
    }
  },
  "com.google.guava:guava-parent:33.5.0-jre": {
    "guava-parent-33.5.0-jre.pom": {
      "url": "https://repo.maven.apache.org/maven2/com/google/guava/guava-parent/33.5.0-jre/guava-parent-33.5.0-jre.pom",
      "hash": "sha256-aHGeaHxuTJ/z4P7L73vSCJbw9PezFHQ+0zxy+WJWghU="
    }
  },
  "com.google.guava:guava-parent:33.4.0-android": {
    "guava-parent-33.4.0-android.pom": {
      "url": "https://repo.maven.apache.org/maven2/com/google/guava/guava-parent/33.4.0-android/guava-parent-33.4.0-android.pom",
      "hash": "sha256-ciDt5hAmWW+8cg7kuTJG+i0U8ygFhTK1nvBT3jl8fYM="
    }
  },
  "com.google.guava:guava-parent:26.0-android": {
    "guava-parent-26.0-android.pom": {
      "url": "https://repo.maven.apache.org/maven2/com/google/guava/guava-parent/26.0-android/guava-parent-26.0-android.pom",
      "hash": "sha256-+GmKtGypls6InBr8jKTyXrisawNNyJjUWDdCNgAWzAQ="
    }
  },
  "com.google.guava:listenablefuture:9999.0-empty-to-avoid-conflict-with-guava": {
    "listenablefuture-9999.0-empty-to-avoid-conflict-with-guava.jar": {
      "url": "https://repo.maven.apache.org/maven2/com/google/guava/listenablefuture/9999.0-empty-to-avoid-conflict-with-guava/listenablefuture-9999.0-empty-to-avoid-conflict-with-guava.jar",
      "hash": "sha256-s3KgN9QjCqV/vv/e8w/WEj+cDC24XQrO0AyRuXTzP5k="
    },
    "listenablefuture-9999.0-empty-to-avoid-conflict-with-guava.pom": {
      "url": "https://repo.maven.apache.org/maven2/com/google/guava/listenablefuture/9999.0-empty-to-avoid-conflict-with-guava/listenablefuture-9999.0-empty-to-avoid-conflict-with-guava.pom",
      "hash": "sha256-GNSx2yYVPU5VB5zh92ux/gXNuGLvmVSojLzE/zi4Z5s="
    }
  },
  "com.google.j2objc:j2objc-annotations:3.1": {
    "j2objc-annotations-3.1.jar": {
      "url": "https://repo.maven.apache.org/maven2/com/google/j2objc/j2objc-annotations/3.1/j2objc-annotations-3.1.jar",
      "hash": "sha256-hNOhUFGEhfgUDqmbiphWVnSWKfZDPJK4DHWzaro7CZs="
    },
    "j2objc-annotations-3.1.pom": {
      "url": "https://repo.maven.apache.org/maven2/com/google/j2objc/j2objc-annotations/3.1/j2objc-annotations-3.1.pom",
      "hash": "sha256-FFcIOFAANPwbR8ggXOHJ1rJVwczdLRr9zcv3XomySjM="
    }
  },
  "com.jidesoft:jide-oss:3.6.18": {
    "jide-oss-3.6.18.jar": {
      "url": "https://repo.maven.apache.org/maven2/com/jidesoft/jide-oss/3.6.18/jide-oss-3.6.18.jar",
      "hash": "sha256-kmvFLZZgvCi036d/5d7LDFetNKo5yq4Ga7bpNrru9x0="
    },
    "jide-oss-3.6.18.pom": {
      "url": "https://repo.maven.apache.org/maven2/com/jidesoft/jide-oss/3.6.18/jide-oss-3.6.18.pom",
      "hash": "sha256-1hJxTVECYSLD7gQEKNi3MYl0cXOISAMwP+qBugd8WCw="
    }
  },
  "com.miglayout:miglayout-core:11.4.2": {
    "miglayout-core-11.4.2.jar": {
      "url": "https://repo.maven.apache.org/maven2/com/miglayout/miglayout-core/11.4.2/miglayout-core-11.4.2.jar",
      "hash": "sha256-HCP2KNjyp6G3LI9jTGd10aj9AQD88Fv1DXoqyNr7DmI="
    },
    "miglayout-core-11.4.2.pom": {
      "url": "https://repo.maven.apache.org/maven2/com/miglayout/miglayout-core/11.4.2/miglayout-core-11.4.2.pom",
      "hash": "sha256-VNPQ8pqW7Ox2LM5+/aCafk144UrX8akpnc2KbUIeAa0="
    }
  },
  "com.miglayout:miglayout-parent:11.4.2": {
    "miglayout-parent-11.4.2.pom": {
      "url": "https://repo.maven.apache.org/maven2/com/miglayout/miglayout-parent/11.4.2/miglayout-parent-11.4.2.pom",
      "hash": "sha256-s5BMe0+/4LUeW9RcmyVDkE1PKGO69DMJVT+fF0owAZc="
    }
  },
  "com.miglayout:miglayout-swing:11.4.2": {
    "miglayout-swing-11.4.2.jar": {
      "url": "https://repo.maven.apache.org/maven2/com/miglayout/miglayout-swing/11.4.2/miglayout-swing-11.4.2.jar",
      "hash": "sha256-A2uFMgIQkq/McVnTdWCGpfvhn2AUrIR0gX1V0Sia91Y="
    },
    "miglayout-swing-11.4.2.pom": {
      "url": "https://repo.maven.apache.org/maven2/com/miglayout/miglayout-swing/11.4.2/miglayout-swing-11.4.2.pom",
      "hash": "sha256-3/AMAxxS3Apf8mj0UvRRzpnrpnbOvEJvJaKXgN5Tu5A="
    }
  },
  "com.mpatric:mp3agic:0.9.1": {
    "mp3agic-0.9.1.jar": {
      "url": "https://repo.maven.apache.org/maven2/com/mpatric/mp3agic/0.9.1/mp3agic-0.9.1.jar",
      "hash": "sha256-Tw/RV0fNSZmD6P9b3gojVJrqDczvcPmekW2akWXaJtg="
    },
    "mp3agic-0.9.1.pom": {
      "url": "https://repo.maven.apache.org/maven2/com/mpatric/mp3agic/0.9.1/mp3agic-0.9.1.pom",
      "hash": "sha256-wFkWQM/mOl1zbMjAWT0wUQWYQTS9bOg0rbinPbXTgpQ="
    }
  },
  "commons-codec:commons-codec:1.19.0": {
    "commons-codec-1.19.0.jar": {
      "url": "https://repo.maven.apache.org/maven2/commons-codec/commons-codec/1.19.0/commons-codec-1.19.0.jar",
      "hash": "sha256-XDiB5PVWhV6cUykn7gyd/elMxmdg1YBcAxpZiHBwr18="
    },
    "commons-codec-1.19.0.pom": {
      "url": "https://repo.maven.apache.org/maven2/commons-codec/commons-codec/1.19.0/commons-codec-1.19.0.pom",
      "hash": "sha256-4PMmn6I94MgxMMVln1+VFMxUIsC830Xy6uAEp4ufyjQ="
    }
  },
  "commons-io:commons-io:2.21.0": {
    "commons-io-2.21.0.jar": {
      "url": "https://repo.maven.apache.org/maven2/commons-io/commons-io/2.21.0/commons-io-2.21.0.jar",
      "hash": "sha256-fWQ6Kv6osFi3YqpvuQ5bJW9scpc5+LN4TDNw3cYJ6I0="
    },
    "commons-io-2.21.0.pom": {
      "url": "https://repo.maven.apache.org/maven2/commons-io/commons-io/2.21.0/commons-io-2.21.0.pom",
      "hash": "sha256-rkd5XnIYA+yP8d7tdL4oqBGgJxO9WjqwrGfCtYy2Nas="
    }
  },
  "eu.hansolo:charts:1.0.5": {
    "charts-1.0.5.jar": {
      "url": "https://repo.maven.apache.org/maven2/eu/hansolo/charts/1.0.5/charts-1.0.5.jar",
      "hash": "sha256-ATY28IqDmgLe3NMgVtHnJF9Lsg2vhCl+yv/QyIPYYRk="
    },
    "charts-1.0.5.pom": {
      "url": "https://repo.maven.apache.org/maven2/eu/hansolo/charts/1.0.5/charts-1.0.5.pom",
      "hash": "sha256-jVY9wkOCcTI7xoG+G30BJljsHgDxNqg/ZeAIlHDP5RU="
    }
  },
  "io.github.dsheirer:radio-reference-api:18.0.0": {
    "radio-reference-api-18.0.0.jar": {
      "url": "https://repo.maven.apache.org/maven2/io/github/dsheirer/radio-reference-api/18.0.0/radio-reference-api-18.0.0.jar",
      "hash": "sha256-8goZ7qMTVXuenTLSxqNORXF8Q2xbGWSVrjNYjzVVy2g="
    },
    "radio-reference-api-18.0.0.module": {
      "url": "https://repo.maven.apache.org/maven2/io/github/dsheirer/radio-reference-api/18.0.0/radio-reference-api-18.0.0.module",
      "hash": "sha256-Z2V21Yyj+SjAfpeoLykqcXmOLZlhRQMHCbzK5nN7Euo="
    },
    "radio-reference-api-18.0.0.pom": {
      "url": "https://repo.maven.apache.org/maven2/io/github/dsheirer/radio-reference-api/18.0.0/radio-reference-api-18.0.0.pom",
      "hash": "sha256-11KS2TU90PdiNstw42Y5iV/WW2yxvxVNt0rMJmn8Z6Q="
    }
  },
  "io.github.dsheirer:usb4java:1.3.5": {
    "usb4java-1.3.5.jar": {
      "url": "https://repo.maven.apache.org/maven2/io/github/dsheirer/usb4java/1.3.5/usb4java-1.3.5.jar",
      "hash": "sha256-ew6pUEa18cAUdqVXpi1Ar7Th2R1cLA4Pgv27Bu1D4i4="
    },
    "usb4java-1.3.5.module": {
      "url": "https://repo.maven.apache.org/maven2/io/github/dsheirer/usb4java/1.3.5/usb4java-1.3.5.module",
      "hash": "sha256-TNPOfU98QEXdtnPAdJwkhjYzxsrFpcGXcHwVkHK3+KI="
    },
    "usb4java-1.3.5.pom": {
      "url": "https://repo.maven.apache.org/maven2/io/github/dsheirer/usb4java/1.3.5/usb4java-1.3.5.pom",
      "hash": "sha256-X86NjssISjEKGAztKpiWDMAkufjpit5XOx1nFI/2cYQ="
    }
  },
  "io.github.dsheirer:usb4java-native-libraries:1.3.3": {
    "usb4java-native-libraries-1.3.3.jar": {
      "url": "https://repo.maven.apache.org/maven2/io/github/dsheirer/usb4java-native-libraries/1.3.3/usb4java-native-libraries-1.3.3.jar",
      "hash": "sha256-QO+nEPqJdlytLxiox0cteaCkLveO21qjzMu6Eh3Fyec="
    },
    "usb4java-native-libraries-1.3.3.module": {
      "url": "https://repo.maven.apache.org/maven2/io/github/dsheirer/usb4java-native-libraries/1.3.3/usb4java-native-libraries-1.3.3.module",
      "hash": "sha256-/ID/saXXmFDHcW0RMb0U5lb+a7gUWIjXQ1J82rKgX+E="
    },
    "usb4java-native-libraries-1.3.3.pom": {
      "url": "https://repo.maven.apache.org/maven2/io/github/dsheirer/usb4java-native-libraries/1.3.3/usb4java-native-libraries-1.3.3.pom",
      "hash": "sha256-mbZG6utdm5m/zLtOHFX1unSrR5nPzpnmzNVZ1nVm09s="
    }
  },
  "javax.usb:usb-api:1.0.2": {
    "usb-api-1.0.2.jar": {
      "url": "https://repo.maven.apache.org/maven2/javax/usb/usb-api/1.0.2/usb-api-1.0.2.jar",
      "hash": "sha256-xRgyuvtFAodp9FUDGQqDEvQcssWWOKIHYpI5opO98dw="
    },
    "usb-api-1.0.2.pom": {
      "url": "https://repo.maven.apache.org/maven2/javax/usb/usb-api/1.0.2/usb-api-1.0.2.pom",
      "hash": "sha256-EcXVhlDaqhchbpdmxitu7O/jEyLZIUAfDy+zxoB0dVU="
    }
  },
  "junit:junit:4.13.2": {
    "junit-4.13.2.jar": {
      "url": "https://repo.maven.apache.org/maven2/junit/junit/4.13.2/junit-4.13.2.jar",
      "hash": "sha256-jklbY0Rp1k+4rPo0laBly6zIoP/1XOHjEAe+TBbcV9M="
    },
    "junit-4.13.2.pom": {
      "url": "https://repo.maven.apache.org/maven2/junit/junit/4.13.2/junit-4.13.2.pom",
      "hash": "sha256-Vptpd+5GA8llwcRsMFj6bpaSkbAWDraWTdCSzYnq3ZQ="
    }
  },
  "net.coderazzi:tablefilter-swing:5.5.4": {
    "tablefilter-swing-5.5.4.jar": {
      "url": "https://repo.maven.apache.org/maven2/net/coderazzi/tablefilter-swing/5.5.4/tablefilter-swing-5.5.4.jar",
      "hash": "sha256-LJSaWV70YSoRkIlag9aiYfPCPngTB67KuSSDM0YNVRI="
    },
    "tablefilter-swing-5.5.4.pom": {
      "url": "https://repo.maven.apache.org/maven2/net/coderazzi/tablefilter-swing/5.5.4/tablefilter-swing-5.5.4.pom",
      "hash": "sha256-LK9bJ/TLzJFER3Y0CcXTf0jijqjSxMFQcTV8Xb+bGcU="
    }
  },
  "org.apache:apache:35": {
    "apache-35.pom": {
      "url": "https://repo.maven.apache.org/maven2/org/apache/apache/35/apache-35.pom",
      "hash": "sha256-6il9zRFBNui46LYwIw1Sp2wvxp9sXbJdZysYVwAHKLg="
    }
  },
  "org.apache:apache:30": {
    "apache-30.pom": {
      "url": "https://repo.maven.apache.org/maven2/org/apache/apache/30/apache-30.pom",
      "hash": "sha256-Y91KOTqcDfyzFO/oOHGkHSQ7yNIAy8fy0ZfzDaeCOdg="
    }
  },
  "org.apache:apache:16": {
    "apache-16.pom": {
      "url": "https://repo.maven.apache.org/maven2/org/apache/apache/16/apache-16.pom",
      "hash": "sha256-n4X/L9fWyzCXqkf7QZ7n8OvoaRCfmKup9Oyj9J50pA4="
    }
  },
  "org.apache.commons:commons-compress:1.28.0": {
    "commons-compress-1.28.0.jar": {
      "url": "https://repo.maven.apache.org/maven2/org/apache/commons/commons-compress/1.28.0/commons-compress-1.28.0.jar",
      "hash": "sha256-4VIpRSGEVvNkmjm8Sv1wzkvUZiIVGdun03jyFBpGQso="
    },
    "commons-compress-1.28.0.pom": {
      "url": "https://repo.maven.apache.org/maven2/org/apache/commons/commons-compress/1.28.0/commons-compress-1.28.0.pom",
      "hash": "sha256-Az9MeNYy2ojQ646tl0/BSiZDks6/EqtsaNbOp63wxko="
    }
  },
  "org.apache.commons:commons-csv:1.14.1": {
    "commons-csv-1.14.1.jar": {
      "url": "https://repo.maven.apache.org/maven2/org/apache/commons/commons-csv/1.14.1/commons-csv-1.14.1.jar",
      "hash": "sha256-Mr4OHnZnMJL10Sy3kL0qy2wqsExOpu/GnqXuF5EcJP4="
    },
    "commons-csv-1.14.1.pom": {
      "url": "https://repo.maven.apache.org/maven2/org/apache/commons/commons-csv/1.14.1/commons-csv-1.14.1.pom",
      "hash": "sha256-ld9zUwLAq5LOwForUeInB1jhXwpkGG3mVmLrFI69l/0="
    }
  },
  "org.apache.commons:commons-lang3:3.19.0": {
    "commons-lang3-3.19.0.jar": {
      "url": "https://repo.maven.apache.org/maven2/org/apache/commons/commons-lang3/3.19.0/commons-lang3-3.19.0.jar",
      "hash": "sha256-MnM6tLyQtFtj63JnfYhpYQA/1O0RPgexAo+Yd8sqxzU="
    },
    "commons-lang3-3.19.0.pom": {
      "url": "https://repo.maven.apache.org/maven2/org/apache/commons/commons-lang3/3.19.0/commons-lang3-3.19.0.pom",
      "hash": "sha256-10Y5Bqswgf9CzzUx63k7JA+wyj8cJv1Y/IT7IwMqcrc="
    }
  },
  "org.apache.commons:commons-math3:3.6.1": {
    "commons-math3-3.6.1.jar": {
      "url": "https://repo.maven.apache.org/maven2/org/apache/commons/commons-math3/3.6.1/commons-math3-3.6.1.jar",
      "hash": "sha256-HlbXsFjSi2Wr0la4RY44hbZ0wdWI+kPNfRy7nH7yswg="
    },
    "commons-math3-3.6.1.pom": {
      "url": "https://repo.maven.apache.org/maven2/org/apache/commons/commons-math3/3.6.1/commons-math3-3.6.1.pom",
      "hash": "sha256-+tcjNup9fdBtoQMUTjdA21CPpLF9nFTXhHc37cJKfmA="
    }
  },
  "org.apache.commons:commons-parent:91": {
    "commons-parent-91.pom": {
      "url": "https://repo.maven.apache.org/maven2/org/apache/commons/commons-parent/91/commons-parent-91.pom",
      "hash": "sha256-0vi2/UgAtqrxIPWjgibV+dX8bbg3r5ni+bMwZ4aLmHI="
    }
  },
  "org.apache.commons:commons-parent:88": {
    "commons-parent-88.pom": {
      "url": "https://repo.maven.apache.org/maven2/org/apache/commons/commons-parent/88/commons-parent-88.pom",
      "hash": "sha256-i/cmFQ0dakO6CqkgYOVSkzyvKHOqGTlS2dSWRw+p+9g="
    }
  },
  "org.apache.commons:commons-parent:85": {
    "commons-parent-85.pom": {
      "url": "https://repo.maven.apache.org/maven2/org/apache/commons/commons-parent/85/commons-parent-85.pom",
      "hash": "sha256-0Yn/LAAn6Wu2XTHm8iftKvlmFps2rx6XPdW6CJJtx7U="
    }
  },
  "org.apache.commons:commons-parent:39": {
    "commons-parent-39.pom": {
      "url": "https://repo.maven.apache.org/maven2/org/apache/commons/commons-parent/39/commons-parent-39.pom",
      "hash": "sha256-h80n4aAqXD622FBZzphpa7G0TCuLZQ8FZ8ht9g+mHac="
    }
  },
  "org.apache.mina:mina-core:2.2.4": {
    "mina-core-2.2.4.jar": {
      "url": "https://repo.maven.apache.org/maven2/org/apache/mina/mina-core/2.2.4/mina-core-2.2.4.jar",
      "hash": "sha256-ObLfyOhDgL962rZX09XhYly2WSqIXr24VOxcb3o+yI0="
    },
    "mina-core-2.2.4.pom": {
      "url": "https://repo.maven.apache.org/maven2/org/apache/mina/mina-core/2.2.4/mina-core-2.2.4.pom",
      "hash": "sha256-hKwdR7X0OTEIL1/tQCBx0ddyOMDWO1v4bxJ1Lvvd2Po="
    }
  },
  "org.apache.mina:mina-http:2.2.4": {
    "mina-http-2.2.4.jar": {
      "url": "https://repo.maven.apache.org/maven2/org/apache/mina/mina-http/2.2.4/mina-http-2.2.4.jar",
      "hash": "sha256-W1lr6FSbO2n/7BSgB6r47p0eUnxCjw6M/Y4yU5Zlgg4="
    },
    "mina-http-2.2.4.pom": {
      "url": "https://repo.maven.apache.org/maven2/org/apache/mina/mina-http/2.2.4/mina-http-2.2.4.pom",
      "hash": "sha256-y2dWmGGyVwWtVS4WLywlOkxaltgSXMYRCI3E93PAldw="
    }
  },
  "org.apache.mina:mina-parent:2.2.4": {
    "mina-parent-2.2.4.pom": {
      "url": "https://repo.maven.apache.org/maven2/org/apache/mina/mina-parent/2.2.4/mina-parent-2.2.4.pom",
      "hash": "sha256-dB4pYg11K+pRchzdHh2MPrOCE8L6+nbhriejMY+AXAo="
    }
  },
  "org.beryx:badass-runtime-plugin:2.0.1": {
    "badass-runtime-plugin-2.0.1.jar": {
      "url": "https://plugins.gradle.org/m2/org/beryx/badass-runtime-plugin/2.0.1/badass-runtime-plugin-2.0.1.jar",
      "hash": "sha256-qc8YDAVtxs/vU2XOjloPJml5eJr7CUdlERPRyqm2UhQ="
    },
    "badass-runtime-plugin-2.0.1.module": {
      "url": "https://plugins.gradle.org/m2/org/beryx/badass-runtime-plugin/2.0.1/badass-runtime-plugin-2.0.1.module",
      "hash": "sha256-Y1r26XwZhilpzegxJvdwltB8i536+fk+x2sQYCukbcY="
    },
    "badass-runtime-plugin-2.0.1.pom": {
      "url": "https://plugins.gradle.org/m2/org/beryx/badass-runtime-plugin/2.0.1/badass-runtime-plugin-2.0.1.pom",
      "hash": "sha256-l6xBsi4rPVcN9UXfSjFHmkVqH5O0bMl27Jo/WdHw/Ak="
    }
  },
  "org.beryx.runtime:org.beryx.runtime.gradle.plugin:2.0.1": {
    "org.beryx.runtime.gradle.plugin-2.0.1.pom": {
      "url": "https://plugins.gradle.org/m2/org/beryx/runtime/org.beryx.runtime.gradle.plugin/2.0.1/org.beryx.runtime.gradle.plugin-2.0.1.pom",
      "hash": "sha256-Jm5jyHX+OFPIobK4qpMSMU2uK+ceihR2Z/mSnRwc1tQ="
    }
  },
  "org.codehaus.woodstox:stax2-api:4.2.2": {
    "stax2-api-4.2.2.jar": {
      "url": "https://repo.maven.apache.org/maven2/org/codehaus/woodstox/stax2-api/4.2.2/stax2-api-4.2.2.jar",
      "hash": "sha256-phxI1VPvrXi8Af/8SsUovruuZMuuwXCypeOc9h61Gr4="
    },
    "stax2-api-4.2.2.pom": {
      "url": "https://repo.maven.apache.org/maven2/org/codehaus/woodstox/stax2-api/4.2.2/stax2-api-4.2.2.pom",
      "hash": "sha256-TpAuxVb8ZZi0HClS7BVz7cgVA35zMOxJIuq2GUImhuI="
    }
  },
  "org.controlsfx:controlsfx:11.2.2": {
    "controlsfx-11.2.2.jar": {
      "url": "https://repo.maven.apache.org/maven2/org/controlsfx/controlsfx/11.2.2/controlsfx-11.2.2.jar",
      "hash": "sha256-BDwGYtUmljR9r4T8aQJ0xhIuD4CjFXo1St086oPA3qk="
    },
    "controlsfx-11.2.2.pom": {
      "url": "https://repo.maven.apache.org/maven2/org/controlsfx/controlsfx/11.2.2/controlsfx-11.2.2.pom",
      "hash": "sha256-1GOhe255/Ti7CtmVmgCcXAdK7BjMncSdqRWsVfxNMXE="
    }
  },
  "org.hamcrest:hamcrest-core:1.3": {
    "hamcrest-core-1.3.jar": {
      "url": "https://repo.maven.apache.org/maven2/org/hamcrest/hamcrest-core/1.3/hamcrest-core-1.3.jar",
      "hash": "sha256-Zv3vkelzk0jfeglqo4SlaF9Oh1WEzOiThqekclHE2Ok="
    },
    "hamcrest-core-1.3.pom": {
      "url": "https://repo.maven.apache.org/maven2/org/hamcrest/hamcrest-core/1.3/hamcrest-core-1.3.pom",
      "hash": "sha256-/eOGp5BRc6GxA95quCBydYS1DQ4yKC4nl3h8IKZP+pM="
    }
  },
  "org.hamcrest:hamcrest-parent:1.3": {
    "hamcrest-parent-1.3.pom": {
      "url": "https://repo.maven.apache.org/maven2/org/hamcrest/hamcrest-parent/1.3/hamcrest-parent-1.3.pom",
      "hash": "sha256-bVNflO+2Y722gsnyelAzU5RogAlkK6epZ3UEvBvkEps="
    }
  },
  "org.jspecify:jspecify:1.0.0": {
    "jspecify-1.0.0.jar": {
      "url": "https://repo.maven.apache.org/maven2/org/jspecify/jspecify/1.0.0/jspecify-1.0.0.jar",
      "hash": "sha256-H61ua+dVd4Hk0zcp1Jrhzcj92m/kd7sMxozjUer9+6s="
    },
    "jspecify-1.0.0.module": {
      "url": "https://repo.maven.apache.org/maven2/org/jspecify/jspecify/1.0.0/jspecify-1.0.0.module",
      "hash": "sha256-0wfKd6VOGKwe8artTlu+AUvS9J8p4dL4E+R8J4KDGVs="
    },
    "jspecify-1.0.0.pom": {
      "url": "https://repo.maven.apache.org/maven2/org/jspecify/jspecify/1.0.0/jspecify-1.0.0.pom",
      "hash": "sha256-zauSmjuVIR9D0gkMXi0N/oRllg43i8MrNYQdqzJEM6Y="
    }
  },
  "org.junit:junit-bom:6.0.1": {
    "junit-bom-6.0.1.module": {
      "url": "https://repo.maven.apache.org/maven2/org/junit/junit-bom/6.0.1/junit-bom-6.0.1.module",
      "hash": "sha256-xI2Y9e3P2cVeefrLugEB98G6CIY0ib6EqRYrmaGG0cI="
    },
    "junit-bom-6.0.1.pom": {
      "url": "https://repo.maven.apache.org/maven2/org/junit/junit-bom/6.0.1/junit-bom-6.0.1.pom",
      "hash": "sha256-4xXFzLsIchbc4ErnDDK/F2K+KguKQ++B47p4MXpM1cg="
    }
  },
  "org.junit:junit-bom:5.13.4": {
    "junit-bom-5.13.4.module": {
      "url": "https://repo.maven.apache.org/maven2/org/junit/junit-bom/5.13.4/junit-bom-5.13.4.module",
      "hash": "sha256-6Vkoj94bGwUNm8CC/HhniRKNpdKFMJFGj8pQQQS99AA="
    },
    "junit-bom-5.13.4.pom": {
      "url": "https://repo.maven.apache.org/maven2/org/junit/junit-bom/5.13.4/junit-bom-5.13.4.pom",
      "hash": "sha256-16CKmbJQLwu2jNTh+YTwv2kySqogi9D3M2bAP8NUikI="
    }
  },
  "org.junit:junit-bom:5.13.1": {
    "junit-bom-5.13.1.module": {
      "url": "https://repo.maven.apache.org/maven2/org/junit/junit-bom/5.13.1/junit-bom-5.13.1.module",
      "hash": "sha256-M8B6uXJHkKblhZugfWkResUwQ5ckVFqBxBeeMnLHXeg="
    },
    "junit-bom-5.13.1.pom": {
      "url": "https://repo.maven.apache.org/maven2/org/junit/junit-bom/5.13.1/junit-bom-5.13.1.pom",
      "hash": "sha256-+mhFHqgwVy7UP/5R11tqBfel5mWmAqUfSda+AgY6ZfM="
    }
  },
  "org.junit.jupiter:junit-jupiter-api:6.0.1": {
    "junit-jupiter-api-6.0.1.jar": {
      "url": "https://repo.maven.apache.org/maven2/org/junit/jupiter/junit-jupiter-api/6.0.1/junit-jupiter-api-6.0.1.jar",
      "hash": "sha256-o8qMflZ0Ngk+SmcD1dSqwC2+o2EG6jL9E2e1beINTgI="
    },
    "junit-jupiter-api-6.0.1.module": {
      "url": "https://repo.maven.apache.org/maven2/org/junit/jupiter/junit-jupiter-api/6.0.1/junit-jupiter-api-6.0.1.module",
      "hash": "sha256-zK14mBan6wSIQ0ad+9pkHonhhJ5juCSS8kvGCzBQu5s="
    },
    "junit-jupiter-api-6.0.1.pom": {
      "url": "https://repo.maven.apache.org/maven2/org/junit/jupiter/junit-jupiter-api/6.0.1/junit-jupiter-api-6.0.1.pom",
      "hash": "sha256-NjNXApnLjlv8KBYedmHSEfODqx4QndQNBWbGr6FDlxo="
    }
  },
  "org.junit.jupiter:junit-jupiter-engine:6.0.1": {
    "junit-jupiter-engine-6.0.1.jar": {
      "url": "https://repo.maven.apache.org/maven2/org/junit/jupiter/junit-jupiter-engine/6.0.1/junit-jupiter-engine-6.0.1.jar",
      "hash": "sha256-dHalb0qqtX/C9FmEfNa/txKzvQSprAuJ7ZVz963CxVA="
    },
    "junit-jupiter-engine-6.0.1.module": {
      "url": "https://repo.maven.apache.org/maven2/org/junit/jupiter/junit-jupiter-engine/6.0.1/junit-jupiter-engine-6.0.1.module",
      "hash": "sha256-DNBLxyt1p94NOMErkbE3PcQ3OgP+Iv/3oV6MvRyfXfk="
    },
    "junit-jupiter-engine-6.0.1.pom": {
      "url": "https://repo.maven.apache.org/maven2/org/junit/jupiter/junit-jupiter-engine/6.0.1/junit-jupiter-engine-6.0.1.pom",
      "hash": "sha256-w0n6QNgPtJ/b+0TyYlR2zSa4vpWQQP+or4in/bHiSPY="
    }
  },
  "org.junit.jupiter:junit-jupiter-params:6.0.1": {
    "junit-jupiter-params-6.0.1.jar": {
      "url": "https://repo.maven.apache.org/maven2/org/junit/jupiter/junit-jupiter-params/6.0.1/junit-jupiter-params-6.0.1.jar",
      "hash": "sha256-lWbiSbTUx9U6bIkI9XeIXOLUxjE8kWvfv3/7xSa4o28="
    },
    "junit-jupiter-params-6.0.1.module": {
      "url": "https://repo.maven.apache.org/maven2/org/junit/jupiter/junit-jupiter-params/6.0.1/junit-jupiter-params-6.0.1.module",
      "hash": "sha256-p9p+0ICwGl76I7bWB/qxxmMhEYc0EXoaVkde/DU7HMA="
    },
    "junit-jupiter-params-6.0.1.pom": {
      "url": "https://repo.maven.apache.org/maven2/org/junit/jupiter/junit-jupiter-params/6.0.1/junit-jupiter-params-6.0.1.pom",
      "hash": "sha256-sfUTKYkKt1oPR+kBQNZOJf6z57dM5KEHRZg9YViQbnM="
    }
  },
  "org.junit.platform:junit-platform-commons:6.0.1": {
    "junit-platform-commons-6.0.1.jar": {
      "url": "https://repo.maven.apache.org/maven2/org/junit/platform/junit-platform-commons/6.0.1/junit-platform-commons-6.0.1.jar",
      "hash": "sha256-+IU/RcEPOA3bFXz0KrupsHNHTwXMQDNbWFBV+FU43K0="
    },
    "junit-platform-commons-6.0.1.module": {
      "url": "https://repo.maven.apache.org/maven2/org/junit/platform/junit-platform-commons/6.0.1/junit-platform-commons-6.0.1.module",
      "hash": "sha256-mS8uNl3Y24i+YC+eXFwI+B/USwxbj6HPFzTzb8fh8f0="
    },
    "junit-platform-commons-6.0.1.pom": {
      "url": "https://repo.maven.apache.org/maven2/org/junit/platform/junit-platform-commons/6.0.1/junit-platform-commons-6.0.1.pom",
      "hash": "sha256-E6l3Y7CJ0P0kyrrGE/d5pyEmm+5VHz5cHbr+mhzQ6tI="
    }
  },
  "org.junit.platform:junit-platform-engine:6.0.1": {
    "junit-platform-engine-6.0.1.jar": {
      "url": "https://repo.maven.apache.org/maven2/org/junit/platform/junit-platform-engine/6.0.1/junit-platform-engine-6.0.1.jar",
      "hash": "sha256-9JV3Bzp64YTHGNm0OuDY7cuKv8Wsc4c17jM51GUukr8="
    },
    "junit-platform-engine-6.0.1.module": {
      "url": "https://repo.maven.apache.org/maven2/org/junit/platform/junit-platform-engine/6.0.1/junit-platform-engine-6.0.1.module",
      "hash": "sha256-2aXeq5puUhW79Aw5/+2pCwZXdPjNAY5Xuyod7OI0VKQ="
    },
    "junit-platform-engine-6.0.1.pom": {
      "url": "https://repo.maven.apache.org/maven2/org/junit/platform/junit-platform-engine/6.0.1/junit-platform-engine-6.0.1.pom",
      "hash": "sha256-oiRe8nBlLAfVls5x2NZw0KipklHNzvRU85ZRmaycTpo="
    }
  },
  "org.junit.vintage:junit-vintage-engine:6.0.1": {
    "junit-vintage-engine-6.0.1.jar": {
      "url": "https://repo.maven.apache.org/maven2/org/junit/vintage/junit-vintage-engine/6.0.1/junit-vintage-engine-6.0.1.jar",
      "hash": "sha256-SKVxTF2D6b3uiANwzFw7E1Y0H/nX5rqZfIQVehXYmzQ="
    },
    "junit-vintage-engine-6.0.1.module": {
      "url": "https://repo.maven.apache.org/maven2/org/junit/vintage/junit-vintage-engine/6.0.1/junit-vintage-engine-6.0.1.module",
      "hash": "sha256-8gTw4mp7feOW1OPGgjxLVlyuvBoaZT3YJDHIWvtgiSI="
    },
    "junit-vintage-engine-6.0.1.pom": {
      "url": "https://repo.maven.apache.org/maven2/org/junit/vintage/junit-vintage-engine/6.0.1/junit-vintage-engine-6.0.1.pom",
      "hash": "sha256-WjlKh2fLiewAbIbbRGCTZgKTEc+csZTc6bFJmm2U1X0="
    }
  },
  "org.opentest4j:opentest4j:1.3.0": {
    "opentest4j-1.3.0.jar": {
      "url": "https://repo.maven.apache.org/maven2/org/opentest4j/opentest4j/1.3.0/opentest4j-1.3.0.jar",
      "hash": "sha256-SOLfY2yrZWPO1k3N/4q7I1VifLI27wvzdZhoLd90Lxs="
    },
    "opentest4j-1.3.0.module": {
      "url": "https://repo.maven.apache.org/maven2/org/opentest4j/opentest4j/1.3.0/opentest4j-1.3.0.module",
      "hash": "sha256-SL8dbItdyU90ZSvReQD2VN63FDUCSM9ej8onuQkMjg0="
    },
    "opentest4j-1.3.0.pom": {
      "url": "https://repo.maven.apache.org/maven2/org/opentest4j/opentest4j/1.3.0/opentest4j-1.3.0.pom",
      "hash": "sha256-m/fP/EEPPoNywlIleN+cpW2dQ72TfjCUhwbCMqlDs1U="
    }
  },
  "org.rauschig:jarchivelib:1.2.0": {
    "jarchivelib-1.2.0.jar": {
      "url": "https://repo.maven.apache.org/maven2/org/rauschig/jarchivelib/1.2.0/jarchivelib-1.2.0.jar",
      "hash": "sha256-UkFC5DH8c5Eg2WFFfCmsH504SrAyZarvLWqjlnfJrZM="
    },
    "jarchivelib-1.2.0.pom": {
      "url": "https://repo.maven.apache.org/maven2/org/rauschig/jarchivelib/1.2.0/jarchivelib-1.2.0.pom",
      "hash": "sha256-j1hB0fKopJ8jdmmnUsxl3v8/MRwqmiMngVD2V92eq3E="
    }
  },
  "org.rauschig:oss-parent:1": {
    "oss-parent-1.pom": {
      "url": "https://repo.maven.apache.org/maven2/org/rauschig/oss-parent/1/oss-parent-1.pom",
      "hash": "sha256-bsFCvqa35He4Ee5rPdKVsS7ryxBduqSHifdkD6VALUk="
    }
  },
  "org.slf4j:slf4j-api:2.0.17": {
    "slf4j-api-2.0.17.jar": {
      "url": "https://repo.maven.apache.org/maven2/org/slf4j/slf4j-api/2.0.17/slf4j-api-2.0.17.jar",
      "hash": "sha256-e3UdlSBhlU1av+1xgcH2RdM2CRtnmJFZHWMynGIuuDI="
    },
    "slf4j-api-2.0.17.pom": {
      "url": "https://repo.maven.apache.org/maven2/org/slf4j/slf4j-api/2.0.17/slf4j-api-2.0.17.pom",
      "hash": "sha256-FQxAKH987NwhuTgMqsmOkoxPM8Aj22s0jfHFrJdwJr8="
    }
  },
  "org.slf4j:slf4j-api:1.7.32": {
    "slf4j-api-1.7.32.jar": {
      "url": "https://plugins.gradle.org/m2/org/slf4j/slf4j-api/1.7.32/slf4j-api-1.7.32.jar",
      "hash": "sha256-NiT4R0wa9G11+YvAl9eGSjI8gbOAiqQ2iabhxgHAJ74="
    },
    "slf4j-api-1.7.32.pom": {
      "url": "https://plugins.gradle.org/m2/org/slf4j/slf4j-api/1.7.32/slf4j-api-1.7.32.pom",
      "hash": "sha256-ABzeWzxrqRBwQlz+ny5pXkrri8KQotTNllMRJ6skT+U="
    }
  },
  "org.slf4j:slf4j-bom:2.0.17": {
    "slf4j-bom-2.0.17.pom": {
      "url": "https://repo.maven.apache.org/maven2/org/slf4j/slf4j-bom/2.0.17/slf4j-bom-2.0.17.pom",
      "hash": "sha256-940ntkK0uIbrg5/BArXNn+fzDzdZn/5oGFvk4WCQMek="
    }
  },
  "org.slf4j:slf4j-parent:2.0.17": {
    "slf4j-parent-2.0.17.pom": {
      "url": "https://repo.maven.apache.org/maven2/org/slf4j/slf4j-parent/2.0.17/slf4j-parent-2.0.17.pom",
      "hash": "sha256-lc1x6FLf2ykSbli3uTnVfsKy5gJDkYUuC1Rd7ggrvzs="
    }
  },
  "org.slf4j:slf4j-parent:1.7.32": {
    "slf4j-parent-1.7.32.pom": {
      "url": "https://plugins.gradle.org/m2/org/slf4j/slf4j-parent/1.7.32/slf4j-parent-1.7.32.pom",
      "hash": "sha256-WrNJ0PTHvAjtDvH02ThssZQKL01vFSFQ4W277MC4PHA="
    }
  },
  "org.sonatype.oss:oss-parent:9": {
    "oss-parent-9.pom": {
      "url": "https://repo.maven.apache.org/maven2/org/sonatype/oss/oss-parent/9/oss-parent-9.pom",
      "hash": "sha256-+0AmX5glSCEv+C42LllzKyGH7G8NgBgohcFO8fmCgno="
    }
  },
  "org.sonatype.oss:oss-parent:7": {
    "oss-parent-7.pom": {
      "url": "https://repo.maven.apache.org/maven2/org/sonatype/oss/oss-parent/7/oss-parent-7.pom",
      "hash": "sha256-tR+IZ8kranIkmVV/w6H96ne9+e9XRyL+kM5DailVlFQ="
    }
  },
  "org.usb4java:libusb4java:1.3.0": {
    "libusb4java-1.3.0-darwin-x86-64.jar": {
      "url": "https://repo.maven.apache.org/maven2/org/usb4java/libusb4java/1.3.0/libusb4java-1.3.0-darwin-x86-64.jar",
      "hash": "sha256-mTyQNxPuwZj/q7uBcnKfcJyBhlo5Ah7BXFzXD92lYWc="
    },
    "libusb4java-1.3.0-linux-aarch64.jar": {
      "url": "https://repo.maven.apache.org/maven2/org/usb4java/libusb4java/1.3.0/libusb4java-1.3.0-linux-aarch64.jar",
      "hash": "sha256-qwmWvAKCdUUIafWCzosLu3zQNz/UOU47ukTJDuEKM7A="
    },
    "libusb4java-1.3.0-linux-arm.jar": {
      "url": "https://repo.maven.apache.org/maven2/org/usb4java/libusb4java/1.3.0/libusb4java-1.3.0-linux-arm.jar",
      "hash": "sha256-DH9er8W27YKh8fIXLLWdAuCxlnltu1AvZnsEEjIL6nY="
    },
    "libusb4java-1.3.0-linux-x86-64.jar": {
      "url": "https://repo.maven.apache.org/maven2/org/usb4java/libusb4java/1.3.0/libusb4java-1.3.0-linux-x86-64.jar",
      "hash": "sha256-5y2cXMDLri4BmNsRebln/xR3Oh8h7/44LtH9we9P9SQ="
    },
    "libusb4java-1.3.0-linux-x86.jar": {
      "url": "https://repo.maven.apache.org/maven2/org/usb4java/libusb4java/1.3.0/libusb4java-1.3.0-linux-x86.jar",
      "hash": "sha256-39GTENjZ4MTULvSayj2QrLZR/X7IIzZCigBYXoEKY7M="
    },
    "libusb4java-1.3.0-win32-x86-64.jar": {
      "url": "https://repo.maven.apache.org/maven2/org/usb4java/libusb4java/1.3.0/libusb4java-1.3.0-win32-x86-64.jar",
      "hash": "sha256-zalB188oSnlroPfIpstD+7kkFTHE9np2Oau91xeQLWc="
    },
    "libusb4java-1.3.0-win32-x86.jar": {
      "url": "https://repo.maven.apache.org/maven2/org/usb4java/libusb4java/1.3.0/libusb4java-1.3.0-win32-x86.jar",
      "hash": "sha256-ehjWqcTVK+tzzJf1DDcg156jARYGiYotzMrOYA4a6Vw="
    },
    "libusb4java-1.3.0.pom": {
      "url": "https://repo.maven.apache.org/maven2/org/usb4java/libusb4java/1.3.0/libusb4java-1.3.0.pom",
      "hash": "sha256-gcXp+LEV+DAIBSBSl3p0rfWkZtaU57AJX6fGbj+Q7Ec="
    }
  },
  "org.usb4java:usb4java:1.3.0": {
    "usb4java-1.3.0.jar": {
      "url": "https://repo.maven.apache.org/maven2/org/usb4java/usb4java/1.3.0/usb4java-1.3.0.jar",
      "hash": "sha256-1dnNXJeb4wpKMaF3o7A5cSZClBSlLNxEq/OAnyzshcc="
    },
    "usb4java-1.3.0.pom": {
      "url": "https://repo.maven.apache.org/maven2/org/usb4java/usb4java/1.3.0/usb4java-1.3.0.pom",
      "hash": "sha256-d2M875Ra+v8p8fDQrMZFf3uqC0vnDPXKIxZx8WKSbYo="
    }
  },
  "org.usb4java:usb4java-javax:1.3.0": {
    "usb4java-javax-1.3.0.jar": {
      "url": "https://repo.maven.apache.org/maven2/org/usb4java/usb4java-javax/1.3.0/usb4java-javax-1.3.0.jar",
      "hash": "sha256-0EG3tCWanvZALC1d0eH0Q9XmhaagOB7u08jaB8EaK6Q="
    },
    "usb4java-javax-1.3.0.pom": {
      "url": "https://repo.maven.apache.org/maven2/org/usb4java/usb4java-javax/1.3.0/usb4java-javax-1.3.0.pom",
      "hash": "sha256-FZBEqgC28i6j5NV6asiu4BP59L5QDbY2c5G7ObKinJo="
    }
  },
  "pl.edu.icm:JLargeArrays:1.6": {
    "JLargeArrays-1.6.jar": {
      "url": "https://repo.maven.apache.org/maven2/pl/edu/icm/JLargeArrays/1.6/JLargeArrays-1.6.jar",
      "hash": "sha256-JdOKwI/tSo7BQFnPYhkfwK8BHJoSAPLmGsovyn6DOI4="
    },
    "JLargeArrays-1.6.pom": {
      "url": "https://repo.maven.apache.org/maven2/pl/edu/icm/JLargeArrays/1.6/JLargeArrays-1.6.pom",
      "hash": "sha256-TR6ey3uCNUICWlTTFs5KuSzEbDXLEUG0u5t80nO6jE8="
    }
  }
}