{
  "nodes": {
    "Jovian-NixOS": {
      "inputs": {
        "nix-github-actions": "nix-github-actions",
        "nixpkgs": [
          "nixpkgs"
        ]
      },
      "locked": {
        "lastModified": 1705667791,
        "narHash": "sha256-J0JYfA6eFdHluLnROVDkrqbYacWcJXYKXeJAFayDiAE=",
        "owner": "Jovian-Experiments",
        "repo": "Jovian-NixOS",
        "rev": "330b7a78fcba967f2273ae71fb3c4bfb03b5dd21",
        "type": "github"
      },
      "original": {
        "owner": "Jovian-Experiments",
        "repo": "Jovian-NixOS",
        "type": "github"
      }
    },
    "authentik": {
      "inputs": {
        "authentik-src": "authentik-src",
        "flake-compat": "flake-compat",
        "flake-parts": "flake-parts",
        "flake-utils": [
          "flake-utils"
        ],
        "napalm": "napalm",
        "nixpkgs": [
          "nixpkgs"
        ],
        "nixpkgs-23-05": "nixpkgs-23-05",
        "poetry2nix": "poetry2nix"
      },
      "locked": {
        "lastModified": 1708043648,
        "narHash": "sha256-oRuVdXe+leUmpT9pRRxkfoym6tkzjlQXxkDQ9gOaOw0=",
        "owner": "quentinmit",
        "repo": "authentik-nix",
        "rev": "c307bf4dfbd549005c7ec708ab0c6e9c3ceef319",
        "type": "github"
      },
      "original": {
        "owner": "quentinmit",
        "repo": "authentik-nix",
        "type": "github"
      }
    },
    "authentik-src": {
      "flake": false,
      "locked": {
        "lastModified": 1706546688,
        "narHash": "sha256-+1IdXRt28UZ2KTa0zsmjneNUOcutP99UUwqcYyVyqTI=",
        "owner": "goauthentik",
        "repo": "authentik",
        "rev": "e095e9f694d2a427940bc8616bc4025fef502a8b",
        "type": "github"
      },
      "original": {
        "owner": "goauthentik",
        "ref": "version/2023.10.7",
        "repo": "authentik",
        "type": "github"
      }
    },
    "bluechips": {
      "inputs": {
        "flake-utils": [
          "flake-utils"
        ],
        "nixpkgs": [
          "nixpkgs"
        ]
      },
      "locked": {
        "lastModified": 1708454427,
        "narHash": "sha256-wM3bRkvlAcGcyQUFncEa/aJ5+fuMRI3tN1DP389Zlqo=",
        "owner": "quentinmit",
        "repo": "bluechips",
        "rev": "be0d7f154576f902b6b69501f506fa1e06bfa357",
        "type": "github"
      },
      "original": {
        "owner": "quentinmit",
        "repo": "bluechips",
        "type": "github"
      }
    },
    "cargo2nix": {
      "inputs": {
        "flake-compat": "flake-compat_2",
        "flake-utils": [
          "flake-utils"
        ],
        "nixpkgs": [
          "nixpkgs"
        ],
        "rust-overlay": [
          "rust-overlay"
        ]
      },
      "locked": {
        "lastModified": 1705129117,
        "narHash": "sha256-LgdDHibvimzYhxBK3kxCk2gAL7k4Hyigl5KI0X9cijA=",
        "owner": "cargo2nix",
        "repo": "cargo2nix",
        "rev": "ae19a9e1f8f0880c088ea155ab66cee1fa001f59",
        "type": "github"
      },
      "original": {
        "owner": "cargo2nix",
        "ref": "release-0.11.0",
        "repo": "cargo2nix",
        "type": "github"
      }
    },
    "darwin": {
      "inputs": {
        "nixpkgs": [
          "nixpkgs"
        ]
      },
      "locked": {
        "lastModified": 1706405065,
        "narHash": "sha256-femlVBNWgr9a6HfBUzhBF/9S8VBlaHDKcEm8B89O+zc=",
        "owner": "LnL7",
        "repo": "nix-darwin",
        "rev": "0108864c15bb68ad57d17fb2e7d3a3e025751d79",
        "type": "github"
      },
      "original": {
        "owner": "LnL7",
        "ref": "master",
        "repo": "nix-darwin",
        "type": "github"
      }
    },
    "deploy-rs": {
      "inputs": {
        "flake-compat": [
          "flake-compat"
        ],
        "nixpkgs": [
          "nixpkgs"
        ],
        "utils": [
          "flake-utils"
        ]
      },
      "locked": {
        "lastModified": 1704875591,
        "narHash": "sha256-eWRLbqRcrILgztU/m/k7CYLzETKNbv0OsT2GjkaNm8A=",
        "owner": "serokell",
        "repo": "deploy-rs",
        "rev": "1776009f1f3fb2b5d236b84d9815f2edee463a9b",
        "type": "github"
      },
      "original": {
        "owner": "serokell",
        "repo": "deploy-rs",
        "type": "github"
      }
    },
    "disko": {
      "inputs": {
        "nixpkgs": [
          "nixpkgs"
        ]
      },
      "locked": {
        "lastModified": 1706302763,
        "narHash": "sha256-Le1wk75qlzOSfzDk8vqYxSdoEyr/ORIbMhziltVNGYw=",
        "owner": "nix-community",
        "repo": "disko",
        "rev": "f7424625dc1f2e4eceac3009cbd1203d566feebc",
        "type": "github"
      },
      "original": {
        "owner": "nix-community",
        "repo": "disko",
        "type": "github"
      }
    },
    "flake-compat": {
      "flake": false,
      "locked": {
        "lastModified": 1696426674,
        "narHash": "sha256-kvjfFW7WAETZlt09AgDn1MrtKzP7t90Vf7vypd3OL1U=",
        "owner": "edolstra",
        "repo": "flake-compat",
        "rev": "0f9255e01c2351cc7d116c072cb317785dd33b33",
        "type": "github"
      },
      "original": {
        "owner": "edolstra",
        "repo": "flake-compat",
        "type": "github"
      }
    },
    "flake-compat_2": {
      "flake": false,
      "locked": {
        "lastModified": 1696426674,
        "narHash": "sha256-kvjfFW7WAETZlt09AgDn1MrtKzP7t90Vf7vypd3OL1U=",
        "owner": "edolstra",
        "repo": "flake-compat",
        "rev": "0f9255e01c2351cc7d116c072cb317785dd33b33",
        "type": "github"
      },
      "original": {
        "owner": "edolstra",
        "repo": "flake-compat",
        "type": "github"
      }
    },
    "flake-compat_3": {
      "flake": false,
      "locked": {
        "lastModified": 1696426674,
        "narHash": "sha256-kvjfFW7WAETZlt09AgDn1MrtKzP7t90Vf7vypd3OL1U=",
        "owner": "edolstra",
        "repo": "flake-compat",
        "rev": "0f9255e01c2351cc7d116c072cb317785dd33b33",
        "type": "github"
      },
      "original": {
        "owner": "edolstra",
        "repo": "flake-compat",
        "type": "github"
      }
    },
    "flake-parts": {
      "inputs": {
        "nixpkgs-lib": "nixpkgs-lib"
      },
      "locked": {
        "lastModified": 1704982712,
        "narHash": "sha256-2Ptt+9h8dczgle2Oo6z5ni5rt/uLMG47UFTR1ry/wgg=",
        "owner": "hercules-ci",
        "repo": "flake-parts",
        "rev": "07f6395285469419cf9d078f59b5b49993198c00",
        "type": "github"
      },
      "original": {
        "owner": "hercules-ci",
        "repo": "flake-parts",
        "type": "github"
      }
    },
    "flake-utils": {
      "inputs": {
        "systems": "systems_2"
      },
      "locked": {
        "lastModified": 1705309234,
        "narHash": "sha256-uNRRNRKmJyCRC/8y1RqBkqWBLM034y4qN7EprSdmgyA=",
        "owner": "numtide",
        "repo": "flake-utils",
        "rev": "1ef2e671c3b0c19053962c07dbda38332dcebf26",
        "type": "github"
      },
      "original": {
        "owner": "numtide",
        "repo": "flake-utils",
        "type": "github"
      }
    },
    "home-manager": {
      "inputs": {
        "nixpkgs": [
          "nixpkgs"
        ]
      },
      "locked": {
        "lastModified": 1705659542,
        "narHash": "sha256-WA3xVfAk1AYmFdwghT7mt/erYpsU6JPu9mdTEP/e9HQ=",
        "owner": "nix-community",
        "repo": "home-manager",
        "rev": "10cd9c53115061aa6a0a90aad0b0dde6a999cdb9",
        "type": "github"
      },
      "original": {
        "owner": "nix-community",
        "ref": "release-23.11",
        "repo": "home-manager",
        "type": "github"
      }
    },
    "napalm": {
      "inputs": {
        "flake-utils": [
          "authentik",
          "flake-utils"
        ],
        "nixpkgs": [
          "authentik",
          "nixpkgs"
        ]
      },
      "locked": {
        "lastModified": 1703102458,
        "narHash": "sha256-3pOV731qi34Q2G8e2SqjUXqnftuFrbcq+NdagEZXISo=",
        "owner": "nix-community",
        "repo": "napalm",
        "rev": "edcb26c266ca37c9521f6a97f33234633cbec186",
        "type": "github"
      },
      "original": {
        "owner": "nix-community",
        "repo": "napalm",
        "type": "github"
      }
    },
    "nix-github-actions": {
      "inputs": {
        "nixpkgs": [
          "Jovian-NixOS",
          "nixpkgs"
        ]
      },
      "locked": {
        "lastModified": 1690328911,
        "narHash": "sha256-fxtExYk+aGf2YbjeWQ8JY9/n9dwuEt+ma1eUFzF8Jeo=",
        "owner": "zhaofengli",
        "repo": "nix-github-actions",
        "rev": "96df4a39c52f53cb7098b923224d8ce941b64747",
        "type": "github"
      },
      "original": {
        "owner": "zhaofengli",
        "ref": "matrix-name",
        "repo": "nix-github-actions",
        "type": "github"
      }
    },
    "nix-github-actions_2": {
      "inputs": {
        "nixpkgs": [
          "authentik",
          "poetry2nix",
          "nixpkgs"
        ]
      },
      "locked": {
        "lastModified": 1698974481,
        "narHash": "sha256-yPncV9Ohdz1zPZxYHQf47S8S0VrnhV7nNhCawY46hDA=",
        "owner": "nix-community",
        "repo": "nix-github-actions",
        "rev": "4bb5e752616262457bc7ca5882192a564c0472d2",
        "type": "github"
      },
      "original": {
        "owner": "nix-community",
        "repo": "nix-github-actions",
        "type": "github"
      }
    },
    "nix-index-database": {
      "inputs": {
        "nixpkgs": [
          "nixpkgs"
        ]
      },
      "locked": {
        "lastModified": 1706411424,
        "narHash": "sha256-BzziJYucEZvdCE985vjPoo3ztWcmUiSQ1wJ2CoT6jCc=",
        "owner": "Mic92",
        "repo": "nix-index-database",
        "rev": "c782f2a4f6fc94311ab5ef31df2f1149a1856181",
        "type": "github"
      },
      "original": {
        "owner": "Mic92",
        "repo": "nix-index-database",
        "type": "github"
      }
    },
    "nixgl": {
      "inputs": {
        "flake-utils": [
          "flake-utils"
        ],
        "nixpkgs": [
          "nixpkgs"
        ]
      },
      "locked": {
        "lastModified": 1685908677,
        "narHash": "sha256-E4zUPEUFyVWjVm45zICaHRpfGepfkE9Z2OECV9HXfA4=",
        "owner": "guibou",
        "repo": "nixGL",
        "rev": "489d6b095ab9d289fe11af0219a9ff00fe87c7c5",
        "type": "github"
      },
      "original": {
        "owner": "guibou",
        "repo": "nixGL",
        "type": "github"
      }
    },
    "nixos-hardware": {
      "locked": {
        "lastModified": 1706182238,
        "narHash": "sha256-Ti7CerGydU7xyrP/ow85lHsOpf+XMx98kQnPoQCSi1g=",
        "owner": "NixOS",
        "repo": "nixos-hardware",
        "rev": "f84eaffc35d1a655e84749228cde19922fcf55f1",
        "type": "github"
      },
      "original": {
        "owner": "NixOS",
        "ref": "master",
        "repo": "nixos-hardware",
        "type": "github"
      }
    },
    "nixpkgs": {
      "locked": {
        "lastModified": 1706098335,
        "narHash": "sha256-r3dWjT8P9/Ah5m5ul4WqIWD8muj5F+/gbCdjiNVBKmU=",
        "owner": "NixOS",
        "repo": "nixpkgs",
        "rev": "a77ab169a83a4175169d78684ddd2e54486ac651",
        "type": "github"
      },
      "original": {
        "id": "nixpkgs",
        "ref": "nixos-23.11",
        "type": "indirect"
      }
    },
    "nixpkgs-23-05": {
      "locked": {
        "lastModified": 1704290814,
        "narHash": "sha256-LWvKHp7kGxk/GEtlrGYV68qIvPHkU9iToomNFGagixU=",
        "owner": "NixOS",
        "repo": "nixpkgs",
        "rev": "70bdadeb94ffc8806c0570eb5c2695ad29f0e421",
        "type": "github"
      },
      "original": {
        "owner": "NixOS",
        "ref": "nixos-23.05",
        "repo": "nixpkgs",
        "type": "github"
      }
    },
    "nixpkgs-23_05": {
      "locked": {
        "lastModified": 1704290814,
        "narHash": "sha256-LWvKHp7kGxk/GEtlrGYV68qIvPHkU9iToomNFGagixU=",
        "owner": "NixOS",
        "repo": "nixpkgs",
        "rev": "70bdadeb94ffc8806c0570eb5c2695ad29f0e421",
        "type": "github"
      },
      "original": {
        "id": "nixpkgs",
        "ref": "nixos-23.05",
        "type": "indirect"
      }
    },
    "nixpkgs-lib": {
      "locked": {
        "dir": "lib",
        "lastModified": 1703961334,
        "narHash": "sha256-M1mV/Cq+pgjk0rt6VxoyyD+O8cOUiai8t9Q6Yyq4noY=",
        "owner": "NixOS",
        "repo": "nixpkgs",
        "rev": "b0d36bd0a420ecee3bc916c91886caca87c894e9",
        "type": "github"
      },
      "original": {
        "dir": "lib",
        "owner": "NixOS",
        "ref": "nixos-unstable",
        "repo": "nixpkgs",
        "type": "github"
      }
    },
    "nur-mweinelt": {
      "inputs": {
        "nixpkgs": [
          "nixpkgs"
        ]
      },
      "locked": {
        "lastModified": 1698926559,
        "narHash": "sha256-BOKjD9DuSB5mRNG4JetI0yJCy9qPSS0qqbLtrjU96as=",
        "owner": "mweinelt",
        "repo": "nur-packages",
        "rev": "ce964f21470ed455db9ce051d3e11838a292bbfc",
        "type": "github"
      },
      "original": {
        "owner": "mweinelt",
        "repo": "nur-packages",
        "type": "github"
      }
    },
    "plasma-manager": {
      "inputs": {
        "home-manager": [
          "home-manager"
        ],
        "nixpkgs": [
          "nixpkgs"
        ]
      },
      "locked": {
        "lastModified": 1706365059,
        "narHash": "sha256-2+M4vliRmSHQwGb1q1krg5lWKYiX7rF/B9GF4AlzXW4=",
        "owner": "pjones",
        "repo": "plasma-manager",
        "rev": "64f31bc95c22b04896111e4c9921d3e1122c0a92",
        "type": "github"
      },
      "original": {
        "owner": "pjones",
        "repo": "plasma-manager",
        "type": "github"
      }
    },
    "poetry2nix": {
      "inputs": {
        "flake-utils": [
          "authentik",
          "flake-utils"
        ],
        "nix-github-actions": "nix-github-actions_2",
        "nixpkgs": [
          "authentik",
          "nixpkgs"
        ],
        "systems": "systems",
        "treefmt-nix": "treefmt-nix"
      },
      "locked": {
        "lastModified": 1707195113,
        "narHash": "sha256-xPFxTMe4rKE/ZWLlOWv22qpGwpozpR+U1zhyf1040Zk=",
        "owner": "nix-community",
        "repo": "poetry2nix",
        "rev": "4eb2ac54029af42a001c9901194e9ce19cbd8a40",
        "type": "github"
      },
      "original": {
        "owner": "nix-community",
        "repo": "poetry2nix",
        "type": "github"
      }
    },
    "py-profinet": {
      "inputs": {
        "flake-utils": [
          "flake-utils"
        ],
        "nixpkgs": [
          "nixpkgs"
        ]
      },
      "locked": {
        "lastModified": 1706497289,
        "narHash": "sha256-kiHWBoGuxUtGFc2j+/k+4Ga5KgsFuru2gTY8eR7Wr6k=",
        "owner": "quentinmit",
        "repo": "py-profinet",
        "rev": "f083ab0a51c7dc04ff190b762b78c2ed75ba5dae",
        "type": "github"
      },
      "original": {
        "owner": "quentinmit",
        "ref": "asyncio",
        "repo": "py-profinet",
        "type": "github"
      }
    },
    "root": {
      "inputs": {
        "Jovian-NixOS": "Jovian-NixOS",
        "authentik": "authentik",
        "bluechips": "bluechips",
        "cargo2nix": "cargo2nix",
        "darwin": "darwin",
        "deploy-rs": "deploy-rs",
        "disko": "disko",
        "flake-compat": "flake-compat_3",
        "flake-utils": "flake-utils",
        "home-manager": "home-manager",
        "nix-index-database": "nix-index-database",
        "nixgl": "nixgl",
        "nixos-hardware": "nixos-hardware",
        "nixpkgs": "nixpkgs",
        "nixpkgs-23_05": "nixpkgs-23_05",
        "nur-mweinelt": "nur-mweinelt",
        "plasma-manager": "plasma-manager",
        "py-profinet": "py-profinet",
        "rust-overlay": "rust-overlay",
        "sops-nix": "sops-nix",
        "unstable": "unstable"
      }
    },
    "rust-overlay": {
      "inputs": {
        "flake-utils": [
          "flake-utils"
        ],
        "nixpkgs": [
          "nixpkgs"
        ]
      },
      "locked": {
        "lastModified": 1706407941,
        "narHash": "sha256-MAz9Oz6ddtJzK0UFzYMRrO99cCVcpYD6+MfTMiJdN/8=",
        "owner": "oxalica",
        "repo": "rust-overlay",
        "rev": "ca8b329ae48f3c760f0e7e0249e8afa50edc8ed1",
        "type": "github"
      },
      "original": {
        "owner": "oxalica",
        "repo": "rust-overlay",
        "type": "github"
      }
    },
    "sops-nix": {
      "inputs": {
        "nixpkgs": [
          "nixpkgs"
        ],
        "nixpkgs-stable": [
          "nixpkgs"
        ]
      },
      "locked": {
        "lastModified": 1708204999,
        "narHash": "sha256-2vksPY8xM1+XCFF514Dw+psDVsFNPiCE9IWvcYnUe/0=",
        "owner": "quentinmit",
        "repo": "sops-nix",
        "rev": "d9837548db83552f5ab32b6029f1555e467f23fd",
        "type": "github"
      },
      "original": {
        "owner": "quentinmit",
        "ref": "template-file",
        "repo": "sops-nix",
        "type": "github"
      }
    },
    "systems": {
      "locked": {
        "lastModified": 1681028828,
        "narHash": "sha256-Vy1rq5AaRuLzOxct8nz4T6wlgyUR7zLU309k9mBC768=",
        "owner": "nix-systems",
        "repo": "default",
        "rev": "da67096a3b9bf56a91d16901293e51ba5b49a27e",
        "type": "github"
      },
      "original": {
        "id": "systems",
        "type": "indirect"
      }
    },
    "systems_2": {
      "locked": {
        "lastModified": 1681028828,
        "narHash": "sha256-Vy1rq5AaRuLzOxct8nz4T6wlgyUR7zLU309k9mBC768=",
        "owner": "nix-systems",
        "repo": "default",
        "rev": "da67096a3b9bf56a91d16901293e51ba5b49a27e",
        "type": "github"
      },
      "original": {
        "owner": "nix-systems",
        "repo": "default",
        "type": "github"
      }
    },
    "treefmt-nix": {
      "inputs": {
        "nixpkgs": [
          "authentik",
          "poetry2nix",
          "nixpkgs"
        ]
      },
      "locked": {
        "lastModified": 1699786194,
        "narHash": "sha256-3h3EH1FXQkIeAuzaWB+nK0XK54uSD46pp+dMD3gAcB4=",
        "owner": "numtide",
        "repo": "treefmt-nix",
        "rev": "e82f32aa7f06bbbd56d7b12186d555223dc399d1",
        "type": "github"
      },
      "original": {
        "owner": "numtide",
        "repo": "treefmt-nix",
        "type": "github"
      }
    },
    "unstable": {
      "locked": {
        "lastModified": 1708296515,
        "narHash": "sha256-FyF489fYNAUy7b6dkYV6rGPyzp+4tThhr80KNAaF/yY=",
        "owner": "NixOS",
        "repo": "nixpkgs",
        "rev": "b98a4e1746acceb92c509bc496ef3d0e5ad8d4aa",
        "type": "github"
      },
      "original": {
        "id": "nixpkgs",
        "ref": "nixos-unstable",
        "type": "indirect"
      }
    }
  },
  "root": "root",
  "version": 7
}
