{
  "nodes": {
    "Jovian-NixOS": {
      "inputs": {
        "nix-github-actions": "nix-github-actions",
        "nixpkgs": [
          "nixpkgs"
        ]
      },
      "locked": {
        "lastModified": 1757230583,
        "narHash": "sha256-4uqu7sFPOaVTCogsxaGMgbzZ2vK40GVGMfUmrvK3/LY=",
        "owner": "Jovian-Experiments",
        "repo": "Jovian-NixOS",
        "rev": "fc3960e6c32c9d4f95fff2ef84444284d24d3bea",
        "type": "github"
      },
      "original": {
        "owner": "Jovian-Experiments",
        "repo": "Jovian-NixOS",
        "type": "github"
      }
    },
    "authentik": {
      "inputs": {
        "authentik-src": "authentik-src",
        "flake-compat": [
          "flake-compat"
        ],
        "flake-parts": "flake-parts",
        "flake-utils": [
          "flake-utils"
        ],
        "napalm": "napalm",
        "nixpkgs": [
          "nixpkgs"
        ],
        "pyproject-build-systems": "pyproject-build-systems",
        "pyproject-nix": "pyproject-nix",
        "systems": "systems",
        "uv2nix": "uv2nix"
      },
      "locked": {
        "lastModified": 1756243475,
        "narHash": "sha256-6/t+3UyXzncCLsqq2rg5Ci8XhUpF9lQmyHu8A+aMcGo=",
        "owner": "quentinmit",
        "repo": "authentik-nix",
        "rev": "940f49870b1253edfd58d68726e13d1decd49b35",
        "type": "github"
      },
      "original": {
        "owner": "quentinmit",
        "ref": "ak-properties",
        "repo": "authentik-nix",
        "type": "github"
      }
    },
    "authentik-src": {
      "flake": false,
      "locked": {
        "lastModified": 1753187012,
        "narHash": "sha256-bs/ThY3YixwBObahcS7BrOWj0gsaUXI664ldUQlJul8=",
        "owner": "goauthentik",
        "repo": "authentik",
        "rev": "23ffad1c6be80bea223caf5f1cf265b984b76328",
        "type": "github"
      },
      "original": {
        "owner": "goauthentik",
        "ref": "version/2025.6.4",
        "repo": "authentik",
        "type": "github"
      }
    },
    "bluechips": {
      "inputs": {
        "flake-utils": [
          "flake-utils"
        ],
        "nixpkgs": [
          "nixpkgs"
        ]
      },
      "locked": {
        "lastModified": 1725348885,
        "narHash": "sha256-nj+7L8EdEychCsZQ1DiXRAJtJZ/SJDt/XdZmCGE1YdI=",
        "owner": "quentinmit",
        "repo": "bluechips",
        "rev": "a36d3b7e4e711fb805b9aebb8c2cbc3562cd11ae",
        "type": "github"
      },
      "original": {
        "owner": "quentinmit",
        "repo": "bluechips",
        "type": "github"
      }
    },
    "cargo2nix": {
      "inputs": {
        "flake-compat": [
          "flake-compat"
        ],
        "flake-utils": [
          "flake-utils"
        ],
        "nixpkgs": [
          "nixpkgs"
        ],
        "rust-overlay": [
          "rust-overlay"
        ]
      },
      "locked": {
        "lastModified": 1742755793,
        "narHash": "sha256-nz3zSO5a/cB/XPcP4c3cddUceKH9V3LNMuNpfV3TDeE=",
        "owner": "cargo2nix",
        "repo": "cargo2nix",
        "rev": "f7b2c744b1e6ee39c7b4528ea34f06db598266a6",
        "type": "github"
      },
      "original": {
        "owner": "cargo2nix",
        "ref": "release-0.11.0",
        "repo": "cargo2nix",
        "type": "github"
      }
    },
    "chemacs2nix": {
      "inputs": {
        "emacs-overlay": "emacs-overlay",
        "home-manager": [
          "home-manager"
        ],
        "pre-commit-hooks": []
      },
      "locked": {
        "lastModified": 1669152936,
        "narHash": "sha256-83kfXaTcxdCjo00TcVcj8O9U1H+IZ48bXqSnXeIispk=",
        "owner": "league",
        "repo": "chemacs2nix",
        "rev": "e3bfb67a62c8af974a9fd9f7690565aa040768b4",
        "type": "github"
      },
      "original": {
        "owner": "league",
        "repo": "chemacs2nix",
        "type": "github"
      }
    },
    "crane": {
      "locked": {
        "lastModified": 1731098351,
        "narHash": "sha256-HQkYvKvaLQqNa10KEFGgWHfMAbWBfFp+4cAgkut+NNE=",
        "owner": "ipetkov",
        "repo": "crane",
        "rev": "ef80ead953c1b28316cc3f8613904edc2eb90c28",
        "type": "github"
      },
      "original": {
        "owner": "ipetkov",
        "repo": "crane",
        "type": "github"
      }
    },
    "darwin": {
      "inputs": {
        "nixpkgs": [
          "nixpkgs"
        ]
      },
      "locked": {
        "lastModified": 1758447883,
        "narHash": "sha256-yGA6MV0E4JSEXqLTb4ZZkmdJZcoQ8HUzihRRX12Bvpg=",
        "owner": "LnL7",
        "repo": "nix-darwin",
        "rev": "25381509d5c91bbf3c30e23abc6d8476d2143cd1",
        "type": "github"
      },
      "original": {
        "owner": "LnL7",
        "ref": "master",
        "repo": "nix-darwin",
        "type": "github"
      }
    },
    "deploy-rs": {
      "inputs": {
        "flake-compat": [
          "flake-compat"
        ],
        "nixpkgs": [
          "nixpkgs"
        ],
        "utils": [
          "flake-utils"
        ]
      },
      "locked": {
        "lastModified": 1756719547,
        "narHash": "sha256-N9gBKUmjwRKPxAafXEk1EGadfk2qDZPBQp4vXWPHINQ=",
        "owner": "serokell",
        "repo": "deploy-rs",
        "rev": "125ae9e3ecf62fb2c0fd4f2d894eb971f1ecaed2",
        "type": "github"
      },
      "original": {
        "owner": "serokell",
        "repo": "deploy-rs",
        "type": "github"
      }
    },
    "disko": {
      "inputs": {
        "nixpkgs": [
          "nixpkgs"
        ]
      },
      "locked": {
        "lastModified": 1758287904,
        "narHash": "sha256-IGmaEf3Do8o5Cwp1kXBN1wQmZwQN3NLfq5t4nHtVtcU=",
        "owner": "nix-community",
        "repo": "disko",
        "rev": "67ff9807dd148e704baadbd4fd783b54282ca627",
        "type": "github"
      },
      "original": {
        "owner": "nix-community",
        "repo": "disko",
        "type": "github"
      }
    },
    "emacs-overlay": {
      "inputs": {
        "flake-utils": "flake-utils",
        "nixpkgs": [
          "chemacs2nix",
          "home-manager",
          "nixpkgs"
        ]
      },
      "locked": {
        "lastModified": 1668973951,
        "narHash": "sha256-4KHSC7les2Ex0RmeLmtnK1CpbIeu84jOkDgsZ7QdgEo=",
        "owner": "nix-community",
        "repo": "emacs-overlay",
        "rev": "721aa34f1468f13b664c5f42aed1e4a560c2801c",
        "type": "github"
      },
      "original": {
        "owner": "nix-community",
        "repo": "emacs-overlay",
        "type": "github"
      }
    },
    "fl-config": {
      "locked": {
        "lastModified": 1653159448,
        "narHash": "sha256-PvB9ha0r4w6p412MBPP71kS/ZTBnOjxL0brlmyucPBA=",
        "owner": "flakelib",
        "repo": "fl",
        "rev": "fcefb9738d5995308a24cda018a083ccb6b0f460",
        "type": "github"
      },
      "original": {
        "owner": "flakelib",
        "ref": "config",
        "repo": "fl",
        "type": "github"
      }
    },
    "flake-compat": {
      "flake": false,
      "locked": {
        "lastModified": 1747046372,
        "narHash": "sha256-CIVLLkVgvHYbgI2UpXvIIBJ12HWgX+fjA8Xf8PUmqCY=",
        "owner": "edolstra",
        "repo": "flake-compat",
        "rev": "9100a0f413b0c601e0533d1d94ffd501ce2e7885",
        "type": "github"
      },
      "original": {
        "owner": "edolstra",
        "repo": "flake-compat",
        "type": "github"
      }
    },
    "flake-parts": {
      "inputs": {
        "nixpkgs-lib": "nixpkgs-lib"
      },
      "locked": {
        "lastModified": 1749398372,
        "narHash": "sha256-tYBdgS56eXYaWVW3fsnPQ/nFlgWi/Z2Ymhyu21zVM98=",
        "owner": "hercules-ci",
        "repo": "flake-parts",
        "rev": "9305fe4e5c2a6fcf5ba6a3ff155720fbe4076569",
        "type": "github"
      },
      "original": {
        "owner": "hercules-ci",
        "repo": "flake-parts",
        "type": "github"
      }
    },
    "flake-parts_2": {
      "inputs": {
        "nixpkgs-lib": [
          "lanzaboote",
          "nixpkgs"
        ]
      },
      "locked": {
        "lastModified": 1730504689,
        "narHash": "sha256-hgmguH29K2fvs9szpq2r3pz2/8cJd2LPS+b4tfNFCwE=",
        "owner": "hercules-ci",
        "repo": "flake-parts",
        "rev": "506278e768c2a08bec68eb62932193e341f55c90",
        "type": "github"
      },
      "original": {
        "owner": "hercules-ci",
        "repo": "flake-parts",
        "type": "github"
      }
    },
    "flake-utils": {
      "locked": {
        "lastModified": 1667395993,
        "narHash": "sha256-nuEHfE/LcWyuSWnS8t12N1wc105Qtau+/OdUAjtQ0rA=",
        "owner": "numtide",
        "repo": "flake-utils",
        "rev": "5aed5285a952e0b949eb3ba02c12fa4fcfef535f",
        "type": "github"
      },
      "original": {
        "owner": "numtide",
        "repo": "flake-utils",
        "type": "github"
      }
    },
    "flake-utils_2": {
      "inputs": {
        "systems": "systems_2"
      },
      "locked": {
        "lastModified": 1731533236,
        "narHash": "sha256-l0KFg5HjrsfsO/JpG+r7fRrqm12kzFHyUHqHCVpMMbI=",
        "owner": "numtide",
        "repo": "flake-utils",
        "rev": "11707dc2f618dd54ca8739b309ec4fc024de578b",
        "type": "github"
      },
      "original": {
        "owner": "numtide",
        "repo": "flake-utils",
        "type": "github"
      }
    },
    "flake-utils_3": {
      "inputs": {
        "systems": "systems_3"
      },
      "locked": {
        "lastModified": 1681202837,
        "narHash": "sha256-H+Rh19JDwRtpVPAWp64F+rlEtxUWBAQW28eAi3SRSzg=",
        "owner": "numtide",
        "repo": "flake-utils",
        "rev": "cfacdce06f30d2b68473a46042957675eebb3401",
        "type": "github"
      },
      "original": {
        "owner": "numtide",
        "repo": "flake-utils",
        "type": "github"
      }
    },
    "flakelib": {
      "inputs": {
        "fl-config": "fl-config",
        "std": "std"
      },
      "locked": {
        "lastModified": 1701802971,
        "narHash": "sha256-Zo5fJpXbe+xXOTiDT4JG2rExobMJTmFZ72+3XTMMHrQ=",
        "owner": "flakelib",
        "repo": "fl",
        "rev": "b71a91517f6b16aa5faefe8ec491d9f3062d7a20",
        "type": "github"
      },
      "original": {
        "owner": "flakelib",
        "repo": "fl",
        "type": "github"
      }
    },
    "gradle2nix": {
      "inputs": {
        "flake-utils": [
          "flake-utils"
        ],
        "nixpkgs": [
          "nixpkgs"
        ]
      },
      "locked": {
        "lastModified": 1755902591,
        "narHash": "sha256-mnPaPH9k6Mbr7O0KzBBdkiDDS88oB5NiFHVSFkCzswU=",
        "owner": "tadfisher",
        "repo": "gradle2nix",
        "rev": "30cfe5889188524223364ee7919d94e83d6ee44a",
        "type": "github"
      },
      "original": {
        "owner": "tadfisher",
        "ref": "v2",
        "repo": "gradle2nix",
        "type": "github"
      }
    },
    "home-manager": {
      "inputs": {
        "nixpkgs": [
          "nixpkgs"
        ]
      },
      "locked": {
        "lastModified": 1758463745,
        "narHash": "sha256-uhzsV0Q0I9j2y/rfweWeGif5AWe0MGrgZ/3TjpDYdGA=",
        "owner": "nix-community",
        "repo": "home-manager",
        "rev": "3b955f5f0a942f9f60cdc9cacb7844335d0f21c3",
        "type": "github"
      },
      "original": {
        "owner": "nix-community",
        "ref": "release-25.05",
        "repo": "home-manager",
        "type": "github"
      }
    },
    "lanzaboote": {
      "inputs": {
        "crane": "crane",
        "flake-compat": [
          "flake-compat"
        ],
        "flake-parts": "flake-parts_2",
        "nixpkgs": [
          "nixpkgs"
        ],
        "pre-commit-hooks-nix": [],
        "rust-overlay": [
          "rust-overlay"
        ]
      },
      "locked": {
        "lastModified": 1737639419,
        "narHash": "sha256-AEEDktApTEZ5PZXNDkry2YV2k6t0dTgLPEmAZbnigXU=",
        "owner": "nix-community",
        "repo": "lanzaboote",
        "rev": "a65905a09e2c43ff63be8c0e86a93712361f871e",
        "type": "github"
      },
      "original": {
        "owner": "nix-community",
        "ref": "v0.4.2",
        "repo": "lanzaboote",
        "type": "github"
      }
    },
    "mosh-server-upnp": {
      "inputs": {
        "flakelib": "flakelib",
        "nixpkgs": [
          "nixpkgs"
        ]
      },
      "locked": {
        "lastModified": 1747724193,
        "narHash": "sha256-w/ZKcTyiIjvLPM71jeXGRy+LClR4SevKFwUx91v9pZ4=",
        "owner": "quentinmit",
        "repo": "mosh-server-upnp",
        "rev": "2a55ff500f8cc6844e36caa55759fd1d7fae7e43",
        "type": "github"
      },
      "original": {
        "owner": "quentinmit",
        "ref": "nix-flake-update",
        "repo": "mosh-server-upnp",
        "type": "github"
      }
    },
    "napalm": {
      "inputs": {
        "flake-utils": [
          "authentik",
          "flake-utils"
        ],
        "nixpkgs": [
          "authentik",
          "nixpkgs"
        ]
      },
      "locked": {
        "lastModified": 1725806412,
        "narHash": "sha256-lGZjkjds0p924QEhm/r0BhAxbHBJE1xMOldB/HmQH04=",
        "owner": "willibutz",
        "repo": "napalm",
        "rev": "b492440d9e64ae20736d3bec5c7715ffcbde83f5",
        "type": "github"
      },
      "original": {
        "owner": "willibutz",
        "ref": "avoid-foldl-stack-overflow",
        "repo": "napalm",
        "type": "github"
      }
    },
    "nix-github-actions": {
      "inputs": {
        "nixpkgs": [
          "Jovian-NixOS",
          "nixpkgs"
        ]
      },
      "locked": {
        "lastModified": 1729697500,
        "narHash": "sha256-VFTWrbzDlZyFHHb1AlKRiD/qqCJIripXKiCSFS8fAOY=",
        "owner": "zhaofengli",
        "repo": "nix-github-actions",
        "rev": "e418aeb728b6aa5ca8c5c71974e7159c2df1d8cf",
        "type": "github"
      },
      "original": {
        "owner": "zhaofengli",
        "ref": "matrix-name",
        "repo": "nix-github-actions",
        "type": "github"
      }
    },
    "nix-index-database": {
      "inputs": {
        "nixpkgs": [
          "nixpkgs"
        ]
      },
      "locked": {
        "lastModified": 1758427679,
        "narHash": "sha256-xwjWRJTKDCjQ0iwfh7WhDhgcS0Wt3d1Yscg83mKBCn4=",
        "owner": "Mic92",
        "repo": "nix-index-database",
        "rev": "fd2569ca2ef7d69f244cd9ffcb66a0540772ff85",
        "type": "github"
      },
      "original": {
        "owner": "Mic92",
        "repo": "nix-index-database",
        "type": "github"
      }
    },
    "nix-std": {
      "locked": {
        "lastModified": 1701658249,
        "narHash": "sha256-KIt1TUuBvldhaVRta010MI5FeQlB8WadjqljybjesN0=",
        "owner": "chessai",
        "repo": "nix-std",
        "rev": "715db541ffff4194620e48d210b76f73a74b5b5d",
        "type": "github"
      },
      "original": {
        "owner": "chessai",
        "repo": "nix-std",
        "type": "github"
      }
    },
    "nixgl": {
      "inputs": {
        "flake-utils": [
          "flake-utils"
        ],
        "nixpkgs": [
          "nixpkgs"
        ]
      },
      "locked": {
        "lastModified": 1752054764,
        "narHash": "sha256-Ob/HuUhANoDs+nvYqyTKrkcPXf4ZgXoqMTQoCK0RFgQ=",
        "owner": "guibou",
        "repo": "nixGL",
        "rev": "a8e1ce7d49a149ed70df676785b07f63288f53c5",
        "type": "github"
      },
      "original": {
        "owner": "guibou",
        "repo": "nixGL",
        "type": "github"
      }
    },
    "nixos-hardware": {
      "locked": {
        "lastModified": 1757943327,
        "narHash": "sha256-w6cDExPBqbq7fTLo4dZ1ozDGeq3yV6dSN4n/sAaS6OM=",
        "owner": "NixOS",
        "repo": "nixos-hardware",
        "rev": "67a709cfe5d0643dafd798b0b613ed579de8be05",
        "type": "github"
      },
      "original": {
        "owner": "NixOS",
        "ref": "master",
        "repo": "nixos-hardware",
        "type": "github"
      }
    },
    "nixos-inventree": {
      "inputs": {
        "flake-utils": [
          "flake-utils"
        ],
        "nixpkgs": [
          "unstable"
        ],
        "pip2nix": "pip2nix"
      },
      "locked": {
        "lastModified": 1743662909,
        "narHash": "sha256-FU7F0w9dCvcUirg3HJ8IZxiNBRUhQyYArpCznSL/X5s=",
        "owner": "quentinmit",
        "repo": "nixos-inventree",
        "rev": "6d7f5e6cbcd6a3502a15172193bfeb3b701fa86f",
        "type": "github"
      },
      "original": {
        "owner": "quentinmit",
        "ref": "isz",
        "repo": "nixos-inventree",
        "type": "github"
      }
    },
    "nixos-meshtastic": {
      "inputs": {
        "nixpkgs": [
          "nixpkgs"
        ]
      },
      "locked": {
        "lastModified": 1756190288,
        "narHash": "sha256-Ex8DwTgyl2fbmCRNrDAnHF46AEd+Gnt3qSZonl4egtk=",
        "owner": "quentinmit",
        "repo": "nixos-meshtastic",
        "rev": "228a8da12518a4369d5e0a56235838fdf520aaa1",
        "type": "github"
      },
      "original": {
        "owner": "quentinmit",
        "ref": "source-build",
        "repo": "nixos-meshtastic",
        "type": "github"
      }
    },
    "nixpkgs": {
      "locked": {
        "lastModified": 1635350005,
        "narHash": "sha256-tAMJnUwfaDEB2aa31jGcu7R7bzGELM9noc91L2PbVjg=",
        "owner": "NixOS",
        "repo": "nixpkgs",
        "rev": "1c1f5649bb9c1b0d98637c8c365228f57126f361",
        "type": "github"
      },
      "original": {
        "owner": "NixOS",
        "ref": "nixos-20.09",
        "repo": "nixpkgs",
        "type": "github"
      }
    },
    "nixpkgs-23_05": {
      "locked": {
        "lastModified": 1704290814,
        "narHash": "sha256-LWvKHp7kGxk/GEtlrGYV68qIvPHkU9iToomNFGagixU=",
        "owner": "NixOS",
        "repo": "nixpkgs",
        "rev": "70bdadeb94ffc8806c0570eb5c2695ad29f0e421",
        "type": "github"
      },
      "original": {
        "id": "nixpkgs",
        "ref": "nixos-23.05",
        "type": "indirect"
      }
    },
    "nixpkgs-lib": {
      "locked": {
        "lastModified": 1748740939,
        "narHash": "sha256-rQaysilft1aVMwF14xIdGS3sj1yHlI6oKQNBRTF40cc=",
        "owner": "nix-community",
        "repo": "nixpkgs.lib",
        "rev": "656a64127e9d791a334452c6b6606d17539476e2",
        "type": "github"
      },
      "original": {
        "owner": "nix-community",
        "repo": "nixpkgs.lib",
        "type": "github"
      }
    },
    "nixpkgs_2": {
      "locked": {
        "lastModified": 1758346548,
        "narHash": "sha256-afXE7AJ7MY6wY1pg/Y6UPHNYPy5GtUKeBkrZZ/gC71E=",
        "owner": "NixOS",
        "repo": "nixpkgs",
        "rev": "b2a3852bd078e68dd2b3dfa8c00c67af1f0a7d20",
        "type": "github"
      },
      "original": {
        "id": "nixpkgs",
        "ref": "nixos-25.05",
        "type": "indirect"
      }
    },
    "nur-mweinelt": {
      "inputs": {
        "nixpkgs": [
          "nixpkgs"
        ]
      },
      "locked": {
        "lastModified": 1698926559,
        "narHash": "sha256-BOKjD9DuSB5mRNG4JetI0yJCy9qPSS0qqbLtrjU96as=",
        "owner": "mweinelt",
        "repo": "nur-packages",
        "rev": "ce964f21470ed455db9ce051d3e11838a292bbfc",
        "type": "github"
      },
      "original": {
        "owner": "mweinelt",
        "repo": "nur-packages",
        "type": "github"
      }
    },
    "oom-hardware": {
      "locked": {
        "lastModified": 1738657052,
        "narHash": "sha256-5WMuYsMdXs4qcjeryIQpvt/3iQ+3Fv5NiztOWnch+tU=",
        "owner": "robertjakub",
        "repo": "oom-hardware",
        "rev": "47c037c4f82a5f6d8f859f137cd80e444a8215ee",
        "type": "github"
      },
      "original": {
        "owner": "robertjakub",
        "repo": "oom-hardware",
        "type": "github"
      }
    },
    "pip2nix": {
      "inputs": {
        "flake-utils": "flake-utils_3",
        "nixpkgs": "nixpkgs"
      },
      "locked": {
        "lastModified": 1681921436,
        "narHash": "sha256-jrUOMhpOFxrgCXNgMWz475nKZdMiSQb0+nbaIqQORSM=",
        "owner": "nix-community",
        "repo": "pip2nix",
        "rev": "2ad8bd4c841116a1b9ab7853a53ed2d38e0ab93f",
        "type": "github"
      },
      "original": {
        "owner": "nix-community",
        "repo": "pip2nix",
        "type": "github"
      }
    },
    "plasma-manager": {
      "inputs": {
        "home-manager": [
          "home-manager"
        ],
        "nixpkgs": [
          "nixpkgs"
        ]
      },
      "locked": {
        "lastModified": 1758185783,
        "narHash": "sha256-6fX2CG8PzdBNwJGBISnf/nVHUVMZdCsekT1mP672Uh8=",
        "owner": "pjones",
        "repo": "plasma-manager",
        "rev": "6a7d78cebd9a0f84a508bec9bc47ac504c5f51f4",
        "type": "github"
      },
      "original": {
        "owner": "pjones",
        "repo": "plasma-manager",
        "type": "github"
      }
    },
    "py-profinet": {
      "inputs": {
        "flake-utils": [
          "flake-utils"
        ],
        "nixpkgs": [
          "nixpkgs"
        ]
      },
      "locked": {
        "lastModified": 1754288287,
        "narHash": "sha256-K35ui0V3AYESCEKiqsiK+CCTEBOgtML2OyLx5hhWSwU=",
        "owner": "quentinmit",
        "repo": "py-profinet",
        "rev": "cd421cfa77b9269525a7974b485fec4999408496",
        "type": "github"
      },
      "original": {
        "owner": "quentinmit",
        "ref": "asyncio",
        "repo": "py-profinet",
        "type": "github"
      }
    },
    "pyproject-build-systems": {
      "inputs": {
        "nixpkgs": [
          "authentik",
          "nixpkgs"
        ],
        "pyproject-nix": [
          "authentik",
          "pyproject-nix"
        ],
        "uv2nix": [
          "authentik",
          "uv2nix"
        ]
      },
      "locked": {
        "lastModified": 1749519371,
        "narHash": "sha256-UJONN7mA2stweZCoRcry2aa1XTTBL0AfUOY84Lmqhos=",
        "owner": "pyproject-nix",
        "repo": "build-system-pkgs",
        "rev": "7c06967eca687f3482624250428cc12f43c92523",
        "type": "github"
      },
      "original": {
        "owner": "pyproject-nix",
        "repo": "build-system-pkgs",
        "type": "github"
      }
    },
    "pyproject-nix": {
      "inputs": {
        "nixpkgs": [
          "authentik",
          "nixpkgs"
        ]
      },
      "locked": {
        "lastModified": 1750499893,
        "narHash": "sha256-ThKBd8XSvITAh2JqU7enOp8AfKeQgf9u7zYC41cnBE4=",
        "owner": "pyproject-nix",
        "repo": "pyproject.nix",
        "rev": "e824458bd917b44bf4c38795dea2650336b2f55d",
        "type": "github"
      },
      "original": {
        "owner": "pyproject-nix",
        "repo": "pyproject.nix",
        "type": "github"
      }
    },
    "root": {
      "inputs": {
        "Jovian-NixOS": "Jovian-NixOS",
        "authentik": "authentik",
        "bluechips": "bluechips",
        "cargo2nix": "cargo2nix",
        "chemacs2nix": "chemacs2nix",
        "darwin": "darwin",
        "deploy-rs": "deploy-rs",
        "disko": "disko",
        "flake-compat": "flake-compat",
        "flake-utils": "flake-utils_2",
        "gradle2nix": "gradle2nix",
        "home-manager": "home-manager",
        "lanzaboote": "lanzaboote",
        "mosh-server-upnp": "mosh-server-upnp",
        "nix-index-database": "nix-index-database",
        "nixgl": "nixgl",
        "nixos-hardware": "nixos-hardware",
        "nixos-inventree": "nixos-inventree",
        "nixos-meshtastic": "nixos-meshtastic",
        "nixpkgs": "nixpkgs_2",
        "nixpkgs-23_05": "nixpkgs-23_05",
        "nur-mweinelt": "nur-mweinelt",
        "oom-hardware": "oom-hardware",
        "plasma-manager": "plasma-manager",
        "py-profinet": "py-profinet",
        "rust-overlay": "rust-overlay",
        "sops-nix": "sops-nix",
        "unstable": "unstable"
      }
    },
    "rust-overlay": {
      "inputs": {
        "nixpkgs": [
          "nixpkgs"
        ]
      },
      "locked": {
        "lastModified": 1758508617,
        "narHash": "sha256-kx2uELmVnAbiekj/YFfWR26OXqXedImkhe2ocnbumTA=",
        "owner": "oxalica",
        "repo": "rust-overlay",
        "rev": "d2bac276ac7e669a1f09c48614538a37e3eb6d0f",
        "type": "github"
      },
      "original": {
        "owner": "oxalica",
        "repo": "rust-overlay",
        "type": "github"
      }
    },
    "sops-nix": {
      "inputs": {
        "nixpkgs": [
          "nixpkgs"
        ]
      },
      "locked": {
        "lastModified": 1758425756,
        "narHash": "sha256-L3N8zV6wsViXiD8i3WFyrvjDdz76g3tXKEdZ4FkgQ+Y=",
        "owner": "Mic92",
        "repo": "sops-nix",
        "rev": "e0fdaea3c31646e252a60b42d0ed8eafdb289762",
        "type": "github"
      },
      "original": {
        "owner": "Mic92",
        "repo": "sops-nix",
        "type": "github"
      }
    },
    "std": {
      "inputs": {
        "nix-std": "nix-std"
      },
      "locked": {
        "lastModified": 1701802337,
        "narHash": "sha256-JCVCyjDZ6LA0xyVoDZzRXjy0OgWOZo3OpeZEVm/U97w=",
        "owner": "flakelib",
        "repo": "std",
        "rev": "443d1c8246b3d96a4822b02af907ca0d833e8b63",
        "type": "github"
      },
      "original": {
        "owner": "flakelib",
        "repo": "std",
        "type": "github"
      }
    },
    "systems": {
      "locked": {
        "lastModified": 1689347949,
        "narHash": "sha256-12tWmuL2zgBgZkdoB6qXZsgJEH9LR3oUgpaQq2RbI80=",
        "owner": "nix-systems",
        "repo": "default-linux",
        "rev": "31732fcf5e8fea42e59c2488ad31a0e651500f68",
        "type": "github"
      },
      "original": {
        "owner": "nix-systems",
        "repo": "default-linux",
        "type": "github"
      }
    },
    "systems_2": {
      "locked": {
        "lastModified": 1681028828,
        "narHash": "sha256-Vy1rq5AaRuLzOxct8nz4T6wlgyUR7zLU309k9mBC768=",
        "owner": "nix-systems",
        "repo": "default",
        "rev": "da67096a3b9bf56a91d16901293e51ba5b49a27e",
        "type": "github"
      },
      "original": {
        "owner": "nix-systems",
        "repo": "default",
        "type": "github"
      }
    },
    "systems_3": {
      "locked": {
        "lastModified": 1681028828,
        "narHash": "sha256-Vy1rq5AaRuLzOxct8nz4T6wlgyUR7zLU309k9mBC768=",
        "owner": "nix-systems",
        "repo": "default",
        "rev": "da67096a3b9bf56a91d16901293e51ba5b49a27e",
        "type": "github"
      },
      "original": {
        "owner": "nix-systems",
        "repo": "default",
        "type": "github"
      }
    },
    "unstable": {
      "locked": {
        "lastModified": 1758277210,
        "narHash": "sha256-iCGWf/LTy+aY0zFu8q12lK8KuZp7yvdhStehhyX1v8w=",
        "owner": "NixOS",
        "repo": "nixpkgs",
        "rev": "8eaee110344796db060382e15d3af0a9fc396e0e",
        "type": "github"
      },
      "original": {
        "id": "nixpkgs",
        "ref": "nixos-unstable",
        "type": "indirect"
      }
    },
    "uv2nix": {
      "inputs": {
        "nixpkgs": [
          "authentik",
          "nixpkgs"
        ],
        "pyproject-nix": [
          "authentik",
          "pyproject-nix"
        ]
      },
      "locked": {
        "lastModified": 1750987094,
        "narHash": "sha256-GujDElxLgYatnNvuL1U6qd18lcuG6anJMjpfYRScV08=",
        "owner": "pyproject-nix",
        "repo": "uv2nix",
        "rev": "4b703d851b61e664a70238711a8ff0efa1aa2f52",
        "type": "github"
      },
      "original": {
        "owner": "pyproject-nix",
        "repo": "uv2nix",
        "type": "github"
      }
    }
  },
  "root": "root",
  "version": 7
}
